// !$*UTF8*$!
{
	archiveVersion = 1;
	classes = {
	};
	objectVersion = 54;
	objects = {

/* Begin PBXBuildFile section */
		00E356F31AD99517003FC87E /* kmpwappTests.m in Sources */ = {isa = PBXBuildFile; fileRef = 00E356F21AD99517003FC87E /* kmpwappTests.m */; };
		0B3D7E904B2F488F91091041 /* plus.svg in Resources */ = {isa = PBXBuildFile; fileRef = 0DA28170CF0146C1BF80B65D /* plus.svg */; };
		13B07FBC1A68108700A75B9A /* AppDelegate.m in Sources */ = {isa = PBXBuildFile; fileRef = 13B07FB01A68108700A75B9A /* AppDelegate.m */; };
		13B07FBF1A68108700A75B9A /* Images.xcassets in Resources */ = {isa = PBXBuildFile; fileRef = 13B07FB51A68108700A75B9A /* Images.xcassets */; };
		13B07FC11A68108700A75B9A /* main.m in Sources */ = {isa = PBXBuildFile; fileRef = 13B07FB71A68108700A75B9A /* main.m */; };
		2249E6080B1230F2C60EEDC9 /* libPods-kmpwappCommonPods-kmpwappDev.a in Frameworks */ = {isa = PBXBuildFile; fileRef = 94DB83CCB34E872E57A7630C /* libPods-kmpwappCommonPods-kmpwappDev.a */; };
		29022DFD6B94454CB3E2C555 /* arrow-right.svg in Resources */ = {isa = PBXBuildFile; fileRef = ED73513D0FFC4EE5B875CB7D /* arrow-right.svg */; };
		34C7A86B09714E688D304948 /* check-shield.svg in Resources */ = {isa = PBXBuildFile; fileRef = E1AC902448D44B01969B7CDD /* check-shield.svg */; };
		40DF1FC7281E5EDD0054DA38 /* Poppins-Medium.ttf in Resources */ = {isa = PBXBuildFile; fileRef = 5E25F164C82B432E91B7BCB1 /* Poppins-Medium.ttf */; };
		40F1ED2E288E266F000780B3 /* AppDelegate.m in Sources */ = {isa = PBXBuildFile; fileRef = 13B07FB01A68108700A75B9A /* AppDelegate.m */; };
		40F1ED2F288E266F000780B3 /* main.m in Sources */ = {isa = PBXBuildFile; fileRef = 13B07FB71A68108700A75B9A /* main.m */; };
		40F1ED35288E266F000780B3 /* LaunchScreen.storyboard in Resources */ = {isa = PBXBuildFile; fileRef = 81AB9BB72411601600AC10FF /* LaunchScreen.storyboard */; };
		40F1ED36288E266F000780B3 /* Images.xcassets in Resources */ = {isa = PBXBuildFile; fileRef = 13B07FB51A68108700A75B9A /* Images.xcassets */; };
		40F1ED37288E266F000780B3 /* Poppins-Black.ttf in Resources */ = {isa = PBXBuildFile; fileRef = 627739E56C6749409FDE458C /* Poppins-Black.ttf */; };
		40F1ED38288E266F000780B3 /* Poppins-Medium.ttf in Resources */ = {isa = PBXBuildFile; fileRef = 5E25F164C82B432E91B7BCB1 /* Poppins-Medium.ttf */; };
		40F1ED39288E266F000780B3 /* Poppins-Bold.ttf in Resources */ = {isa = PBXBuildFile; fileRef = 39E7AE54451C4951A58B229D /* Poppins-Bold.ttf */; };
		40F1ED3A288E266F000780B3 /* arrow-right.svg in Resources */ = {isa = PBXBuildFile; fileRef = ED73513D0FFC4EE5B875CB7D /* arrow-right.svg */; };
		40F1ED3B288E266F000780B3 /* test-pup.jpg in Resources */ = {isa = PBXBuildFile; fileRef = 4743155F5A7549D394506D7C /* test-pup.jpg */; };
		40F1ED3C288E266F000780B3 /* Poppins.ttf in Resources */ = {isa = PBXBuildFile; fileRef = FEFDA9850F394579945C900E /* Poppins.ttf */; };
		40F1ED3D288E266F000780B3 /* check-bundle.svg in Resources */ = {isa = PBXBuildFile; fileRef = 7C0EC9DBD0DD46148CCA88C3 /* check-bundle.svg */; };
		40F1ED3E288E266F000780B3 /* check-circle.svg in Resources */ = {isa = PBXBuildFile; fileRef = D61EE2C7068741A38CADE48B /* check-circle.svg */; };
		40F1ED3F288E266F000780B3 /* check-shield.svg in Resources */ = {isa = PBXBuildFile; fileRef = E1AC902448D44B01969B7CDD /* check-shield.svg */; };
		40F1ED40288E266F000780B3 /* close-circle.svg in Resources */ = {isa = PBXBuildFile; fileRef = FACD930DC7194C8283A1BA86 /* close-circle.svg */; };
		40F1ED41288E266F000780B3 /* cloud.svg in Resources */ = {isa = PBXBuildFile; fileRef = 0406026AE85D47B3BD59C7B1 /* cloud.svg */; };
		40F1ED42288E266F000780B3 /* logout.svg in Resources */ = {isa = PBXBuildFile; fileRef = 3432A0D0386149A283D7C083 /* logout.svg */; };
		40F1ED43288E266F000780B3 /* pencil-alt.svg in Resources */ = {isa = PBXBuildFile; fileRef = B362C2E7A19446DFBEFECC3E /* pencil-alt.svg */; };
		40F1ED44288E266F000780B3 /* plus.svg in Resources */ = {isa = PBXBuildFile; fileRef = 0DA28170CF0146C1BF80B65D /* plus.svg */; };
		40F1ED4E288E2C1D000780B3 /* geolocation-dependency.swift in Sources */ = {isa = PBXBuildFile; fileRef = 40F1ED4D288E2C1D000780B3 /* geolocation-dependency.swift */; };
		40F1ED4F288E2C1D000780B3 /* geolocation-dependency.swift in Sources */ = {isa = PBXBuildFile; fileRef = 40F1ED4D288E2C1D000780B3 /* geolocation-dependency.swift */; };
		40F1ED54288E2D48000780B3 /* AppDelegate.m in Sources */ = {isa = PBXBuildFile; fileRef = 13B07FB01A68108700A75B9A /* AppDelegate.m */; };
		40F1ED55288E2D48000780B3 /* geolocation-dependency.swift in Sources */ = {isa = PBXBuildFile; fileRef = 40F1ED4D288E2C1D000780B3 /* geolocation-dependency.swift */; };
		40F1ED56288E2D48000780B3 /* main.m in Sources */ = {isa = PBXBuildFile; fileRef = 13B07FB71A68108700A75B9A /* main.m */; };
		40F1ED5A288E2D48000780B3 /* LaunchScreen.storyboard in Resources */ = {isa = PBXBuildFile; fileRef = 81AB9BB72411601600AC10FF /* LaunchScreen.storyboard */; };
		40F1ED5B288E2D48000780B3 /* Images.xcassets in Resources */ = {isa = PBXBuildFile; fileRef = 13B07FB51A68108700A75B9A /* Images.xcassets */; };
		40F1ED5C288E2D48000780B3 /* Poppins-Black.ttf in Resources */ = {isa = PBXBuildFile; fileRef = 627739E56C6749409FDE458C /* Poppins-Black.ttf */; };
		40F1ED5D288E2D48000780B3 /* Poppins-Medium.ttf in Resources */ = {isa = PBXBuildFile; fileRef = 5E25F164C82B432E91B7BCB1 /* Poppins-Medium.ttf */; };
		40F1ED5E288E2D48000780B3 /* Poppins-Bold.ttf in Resources */ = {isa = PBXBuildFile; fileRef = 39E7AE54451C4951A58B229D /* Poppins-Bold.ttf */; };
		40F1ED5F288E2D48000780B3 /* arrow-right.svg in Resources */ = {isa = PBXBuildFile; fileRef = ED73513D0FFC4EE5B875CB7D /* arrow-right.svg */; };
		40F1ED60288E2D48000780B3 /* test-pup.jpg in Resources */ = {isa = PBXBuildFile; fileRef = 4743155F5A7549D394506D7C /* test-pup.jpg */; };
		40F1ED61288E2D48000780B3 /* Poppins.ttf in Resources */ = {isa = PBXBuildFile; fileRef = FEFDA9850F394579945C900E /* Poppins.ttf */; };
		40F1ED62288E2D48000780B3 /* check-bundle.svg in Resources */ = {isa = PBXBuildFile; fileRef = 7C0EC9DBD0DD46148CCA88C3 /* check-bundle.svg */; };
		40F1ED63288E2D48000780B3 /* check-circle.svg in Resources */ = {isa = PBXBuildFile; fileRef = D61EE2C7068741A38CADE48B /* check-circle.svg */; };
		40F1ED64288E2D48000780B3 /* check-shield.svg in Resources */ = {isa = PBXBuildFile; fileRef = E1AC902448D44B01969B7CDD /* check-shield.svg */; };
		40F1ED65288E2D48000780B3 /* close-circle.svg in Resources */ = {isa = PBXBuildFile; fileRef = FACD930DC7194C8283A1BA86 /* close-circle.svg */; };
		40F1ED66288E2D48000780B3 /* cloud.svg in Resources */ = {isa = PBXBuildFile; fileRef = 0406026AE85D47B3BD59C7B1 /* cloud.svg */; };
		40F1ED67288E2D48000780B3 /* logout.svg in Resources */ = {isa = PBXBuildFile; fileRef = 3432A0D0386149A283D7C083 /* logout.svg */; };
		40F1ED68288E2D48000780B3 /* pencil-alt.svg in Resources */ = {isa = PBXBuildFile; fileRef = B362C2E7A19446DFBEFECC3E /* pencil-alt.svg */; };
		40F1ED69288E2D48000780B3 /* plus.svg in Resources */ = {isa = PBXBuildFile; fileRef = 0DA28170CF0146C1BF80B65D /* plus.svg */; };
		4404F2A1203C4ED0818ACD05 /* cloud.svg in Resources */ = {isa = PBXBuildFile; fileRef = 0406026AE85D47B3BD59C7B1 /* cloud.svg */; };
		502CF255DBE1282280ABE315 /* libPods-kmpwappCommonPods-kmpwappStg.a in Frameworks */ = {isa = PBXBuildFile; fileRef = 7F15CB8A7E50D18F82A5343D /* libPods-kmpwappCommonPods-kmpwappStg.a */; };
		81AB9BB82411601600AC10FF /* LaunchScreen.storyboard in Resources */ = {isa = PBXBuildFile; fileRef = 81AB9BB72411601600AC10FF /* LaunchScreen.storyboard */; };
		9290BC33654536AA11BF799A /* libPods-kmpwappCommonPods-kmpwapp.a in Frameworks */ = {isa = PBXBuildFile; fileRef = 1A3DEDBC549A8DAA837C3878 /* libPods-kmpwappCommonPods-kmpwapp.a */; };
		98297AE0C59E492991468CEA /* Poppins.ttf in Resources */ = {isa = PBXBuildFile; fileRef = FEFDA9850F394579945C900E /* Poppins.ttf */; };
		9DC874BAED094F688E0F13D4 /* check-bundle.svg in Resources */ = {isa = PBXBuildFile; fileRef = 7C0EC9DBD0DD46148CCA88C3 /* check-bundle.svg */; };
		A29A3A6C15D94956BC4B372A /* check-circle.svg in Resources */ = {isa = PBXBuildFile; fileRef = D61EE2C7068741A38CADE48B /* check-circle.svg */; };
		A88F9F633A8E44C8AD51381D /* close-circle.svg in Resources */ = {isa = PBXBuildFile; fileRef = FACD930DC7194C8283A1BA86 /* close-circle.svg */; };
		BBF46C5E31CD4062A033301C /* test-pup.jpg in Resources */ = {isa = PBXBuildFile; fileRef = 4743155F5A7549D394506D7C /* test-pup.jpg */; };
		C4CB089310C34E3B8C64F94A /* Poppins-Bold.ttf in Resources */ = {isa = PBXBuildFile; fileRef = 39E7AE54451C4951A58B229D /* Poppins-Bold.ttf */; };
		CFA273E9F607DDEA270DCF4F /* libPods-kmpwappCommonPods-kmpwappTests.a in Frameworks */ = {isa = PBXBuildFile; fileRef = A933BE0D5B4F6BFD7AB5E175 /* libPods-kmpwappCommonPods-kmpwappTests.a */; };
		D347EFDB7C18420E8F139979 /* BuildFile in Frameworks */ = {isa = PBXBuildFile; };
		D384008364804F2AA5D4A7E2 /* logout.svg in Resources */ = {isa = PBXBuildFile; fileRef = 3432A0D0386149A283D7C083 /* logout.svg */; };
		E654EB5453614D108486B94D /* Poppins-Black.ttf in Resources */ = {isa = PBXBuildFile; fileRef = 627739E56C6749409FDE458C /* Poppins-Black.ttf */; };
		F80A89A4A069423BB745D210 /* pencil-alt.svg in Resources */ = {isa = PBXBuildFile; fileRef = B362C2E7A19446DFBEFECC3E /* pencil-alt.svg */; };
/* End PBXBuildFile section */

/* Begin PBXContainerItemProxy section */
		00E356F41AD99517003FC87E /* PBXContainerItemProxy */ = {
			isa = PBXContainerItemProxy;
			containerPortal = 83CBB9F71A601CBA00E9B192 /* Project object */;
			proxyType = 1;
			remoteGlobalIDString = 13B07F861A680F5B00A75B9A;
			remoteInfo = kmpwapp;
		};
/* End PBXContainerItemProxy section */

/* Begin PBXFileReference section */
		00E356EE1AD99517003FC87E /* kmpwappTests.xctest */ = {isa = PBXFileReference; explicitFileType = wrapper.cfbundle; includeInIndex = 0; path = kmpwappTests.xctest; sourceTree = BUILT_PRODUCTS_DIR; };
		00E356F11AD99517003FC87E /* Info.plist */ = {isa = PBXFileReference; lastKnownFileType = text.plist.xml; path = Info.plist; sourceTree = "<group>"; };
		00E356F21AD99517003FC87E /* kmpwappTests.m */ = {isa = PBXFileReference; lastKnownFileType = sourcecode.c.objc; path = kmpwappTests.m; sourceTree = "<group>"; };
		0406026AE85D47B3BD59C7B1 /* cloud.svg */ = {isa = PBXFileReference; explicitFileType = undefined; fileEncoding = 9; includeInIndex = 0; lastKnownFileType = unknown; name = cloud.svg; path = ../src/assets/svg/cloud.svg; sourceTree = "<group>"; };
		0961FDB0E1DC4934AF69F4B3 /* Poppins-ExtraLight.ttf */ = {isa = PBXFileReference; explicitFileType = undefined; fileEncoding = 9; includeInIndex = 0; lastKnownFileType = unknown; name = "Poppins-ExtraLight.ttf"; path = "../src/assets/fonts/Poppins-ExtraLight.ttf"; sourceTree = "<group>"; };
		0DA28170CF0146C1BF80B65D /* plus.svg */ = {isa = PBXFileReference; explicitFileType = undefined; fileEncoding = 9; includeInIndex = 0; lastKnownFileType = unknown; name = plus.svg; path = ../src/assets/svg/plus.svg; sourceTree = "<group>"; };
		0E80303EB3B039EAD1234546 /* Pods-kmpwappCommonPods-kmpwappTests.debug.xcconfig */ = {isa = PBXFileReference; includeInIndex = 1; lastKnownFileType = text.xcconfig; name = "Pods-kmpwappCommonPods-kmpwappTests.debug.xcconfig"; path = "Target Support Files/Pods-kmpwappCommonPods-kmpwappTests/Pods-kmpwappCommonPods-kmpwappTests.debug.xcconfig"; sourceTree = "<group>"; };
		13B07F961A680F5B00A75B9A /* kmpwapp.app */ = {isa = PBXFileReference; explicitFileType = wrapper.application; includeInIndex = 0; path = kmpwapp.app; sourceTree = BUILT_PRODUCTS_DIR; };
		13B07FAF1A68108700A75B9A /* AppDelegate.h */ = {isa = PBXFileReference; fileEncoding = 4; lastKnownFileType = sourcecode.c.h; name = AppDelegate.h; path = kmpwapp/AppDelegate.h; sourceTree = "<group>"; };
		13B07FB01A68108700A75B9A /* AppDelegate.m */ = {isa = PBXFileReference; fileEncoding = 4; lastKnownFileType = sourcecode.c.objc; name = AppDelegate.m; path = kmpwapp/AppDelegate.m; sourceTree = "<group>"; };
		13B07FB51A68108700A75B9A /* Images.xcassets */ = {isa = PBXFileReference; lastKnownFileType = folder.assetcatalog; name = Images.xcassets; path = kmpwapp/Images.xcassets; sourceTree = "<group>"; };
		13B07FB61A68108700A75B9A /* Info.plist */ = {isa = PBXFileReference; fileEncoding = 4; lastKnownFileType = text.plist.xml; name = Info.plist; path = kmpwapp/Info.plist; sourceTree = "<group>"; };
		13B07FB71A68108700A75B9A /* main.m */ = {isa = PBXFileReference; fileEncoding = 4; lastKnownFileType = sourcecode.c.objc; name = main.m; path = kmpwapp/main.m; sourceTree = "<group>"; };
		14DA7ACE9C604DD79D605407 /* Poppins-BoldItalic.ttf */ = {isa = PBXFileReference; explicitFileType = undefined; fileEncoding = 9; includeInIndex = 0; lastKnownFileType = unknown; name = "Poppins-BoldItalic.ttf"; path = "../src/assets/fonts/Poppins-BoldItalic.ttf"; sourceTree = "<group>"; };
		17A7767F26E640A89F1CC778 /* MaterialIcons.ttf */ = {isa = PBXFileReference; explicitFileType = undefined; fileEncoding = 9; includeInIndex = 0; lastKnownFileType = unknown; name = MaterialIcons.ttf; path = "../node_modules/react-native-vector-icons/Fonts/MaterialIcons.ttf"; sourceTree = "<group>"; };
		190E38604B1D4DC8A789BF95 /* Pods-kmpwappCommonPods-kmpwapp.debug.xcconfig */ = {isa = PBXFileReference; includeInIndex = 1; lastKnownFileType = text.xcconfig; name = "Pods-kmpwappCommonPods-kmpwapp.debug.xcconfig"; path = "Target Support Files/Pods-kmpwappCommonPods-kmpwapp/Pods-kmpwappCommonPods-kmpwapp.debug.xcconfig"; sourceTree = "<group>"; };
		1A3DEDBC549A8DAA837C3878 /* libPods-kmpwappCommonPods-kmpwapp.a */ = {isa = PBXFileReference; explicitFileType = archive.ar; includeInIndex = 0; path = "libPods-kmpwappCommonPods-kmpwapp.a"; sourceTree = BUILT_PRODUCTS_DIR; };
		1D0AE47A65C8663E3B452821 /* Pods-kmpwapp-kmpwappTests.release.xcconfig */ = {isa = PBXFileReference; includeInIndex = 1; lastKnownFileType = text.xcconfig; name = "Pods-kmpwapp-kmpwappTests.release.xcconfig"; path = "Target Support Files/Pods-kmpwapp-kmpwappTests/Pods-kmpwapp-kmpwappTests.release.xcconfig"; sourceTree = "<group>"; };
		1EDD20FDA0354F519C9AC9D7 /* Poppins-Regular.ttf */ = {isa = PBXFileReference; explicitFileType = undefined; fileEncoding = 9; includeInIndex = 0; lastKnownFileType = unknown; name = "Poppins-Regular.ttf"; path = "../src/assets/fonts/Poppins-Regular.ttf"; sourceTree = "<group>"; };
		21EBE1A472904E3C82042DE7 /* EvilIcons.ttf */ = {isa = PBXFileReference; explicitFileType = undefined; fileEncoding = 9; includeInIndex = 0; lastKnownFileType = unknown; name = EvilIcons.ttf; path = "../node_modules/react-native-vector-icons/Fonts/EvilIcons.ttf"; sourceTree = "<group>"; };
		2C9239DADB324E40A02C93FB /* Octicons.ttf */ = {isa = PBXFileReference; explicitFileType = undefined; fileEncoding = 9; includeInIndex = 0; lastKnownFileType = unknown; name = Octicons.ttf; path = "../node_modules/react-native-vector-icons/Fonts/Octicons.ttf"; sourceTree = "<group>"; };
		2CF4D514DC0043EDB0D40FA7 /* FontAwesome.ttf */ = {isa = PBXFileReference; explicitFileType = undefined; fileEncoding = 9; includeInIndex = 0; lastKnownFileType = unknown; name = FontAwesome.ttf; path = "../node_modules/react-native-vector-icons/Fonts/FontAwesome.ttf"; sourceTree = "<group>"; };
		3432A0D0386149A283D7C083 /* logout.svg */ = {isa = PBXFileReference; explicitFileType = undefined; fileEncoding = 9; includeInIndex = 0; lastKnownFileType = unknown; name = logout.svg; path = ../src/assets/svg/logout.svg; sourceTree = "<group>"; };
		39E7AE54451C4951A58B229D /* Poppins-Bold.ttf */ = {isa = PBXFileReference; explicitFileType = undefined; fileEncoding = 9; includeInIndex = 0; lastKnownFileType = unknown; name = "Poppins-Bold.ttf"; path = "../src/assets/fonts/Poppins-Bold.ttf"; sourceTree = "<group>"; };
		3CA14F6758F5400F99666564 /* Poppins-ExtraBold.ttf */ = {isa = PBXFileReference; explicitFileType = undefined; fileEncoding = 9; includeInIndex = 0; lastKnownFileType = unknown; name = "Poppins-ExtraBold.ttf"; path = "../src/assets/fonts/Poppins-ExtraBold.ttf"; sourceTree = "<group>"; };
		40AC781C2828A29600C4B871 /* kmpwapp-Bridging-Header.h */ = {isa = PBXFileReference; lastKnownFileType = sourcecode.c.h; path = "kmpwapp-Bridging-Header.h"; sourceTree = "<group>"; };
		40F1ED4B288E266F000780B3 /* kmpwappDev.app */ = {isa = PBXFileReference; explicitFileType = wrapper.application; includeInIndex = 0; path = kmpwappDev.app; sourceTree = BUILT_PRODUCTS_DIR; };
		40F1ED4C288E266F000780B3 /* kmpwappDev-Info.plist */ = {isa = PBXFileReference; lastKnownFileType = text.plist.xml; name = "kmpwappDev-Info.plist"; path = "/Users/dylanoleary/Documents/development/keep-my-paws-warm/kmpw-app/ios/kmpwappDev-Info.plist"; sourceTree = "<absolute>"; };
		40F1ED4D288E2C1D000780B3 /* geolocation-dependency.swift */ = {isa = PBXFileReference; lastKnownFileType = sourcecode.swift; path = "geolocation-dependency.swift"; sourceTree = "<group>"; };
		40F1ED70288E2D48000780B3 /* kmpwappStg.app */ = {isa = PBXFileReference; explicitFileType = wrapper.application; includeInIndex = 0; path = kmpwappStg.app; sourceTree = BUILT_PRODUCTS_DIR; };
		40F1ED71288E2D48000780B3 /* kmpwappStg-Info.plist */ = {isa = PBXFileReference; lastKnownFileType = text.plist.xml; name = "kmpwappStg-Info.plist"; path = "/Users/dylanoleary/Documents/development/keep-my-paws-warm/kmpw-app/ios/kmpwappStg-Info.plist"; sourceTree = "<absolute>"; };
		4743155F5A7549D394506D7C /* test-pup.jpg */ = {isa = PBXFileReference; explicitFileType = undefined; fileEncoding = 9; includeInIndex = 0; lastKnownFileType = unknown; name = "test-pup.jpg"; path = "../src/assets/images/test-pup.jpg"; sourceTree = "<group>"; };
		4F233C4CDA272B7DFD044C1C /* Pods-kmpwappCommonPods-kmpwappDev.release.xcconfig */ = {isa = PBXFileReference; includeInIndex = 1; lastKnownFileType = text.xcconfig; name = "Pods-kmpwappCommonPods-kmpwappDev.release.xcconfig"; path = "Target Support Files/Pods-kmpwappCommonPods-kmpwappDev/Pods-kmpwappCommonPods-kmpwappDev.release.xcconfig"; sourceTree = "<group>"; };
		5674BDEFBDF24C7599EBF662 /* SimpleLineIcons.ttf */ = {isa = PBXFileReference; explicitFileType = undefined; fileEncoding = 9; includeInIndex = 0; lastKnownFileType = unknown; name = SimpleLineIcons.ttf; path = "../node_modules/react-native-vector-icons/Fonts/SimpleLineIcons.ttf"; sourceTree = "<group>"; };
		5E25F164C82B432E91B7BCB1 /* Poppins-Medium.ttf */ = {isa = PBXFileReference; explicitFileType = undefined; fileEncoding = 9; includeInIndex = 0; lastKnownFileType = unknown; name = "Poppins-Medium.ttf"; path = "../src/assets/fonts/Poppins-Medium.ttf"; sourceTree = "<group>"; };
		627739E56C6749409FDE458C /* Poppins-Black.ttf */ = {isa = PBXFileReference; explicitFileType = undefined; fileEncoding = 9; includeInIndex = 0; lastKnownFileType = unknown; name = "Poppins-Black.ttf"; path = "../src/assets/fonts/Poppins-Black.ttf"; sourceTree = "<group>"; };
		646F874E20994DEBF2C30B75 /* Pods-kmpwappCommonPods-kmpwapp.release.xcconfig */ = {isa = PBXFileReference; includeInIndex = 1; lastKnownFileType = text.xcconfig; name = "Pods-kmpwappCommonPods-kmpwapp.release.xcconfig"; path = "Target Support Files/Pods-kmpwappCommonPods-kmpwapp/Pods-kmpwappCommonPods-kmpwapp.release.xcconfig"; sourceTree = "<group>"; };
		6C97AB639B58BBB4B15BBE30 /* Pods-kmpwapp-kmpwappTests.debug.xcconfig */ = {isa = PBXFileReference; includeInIndex = 1; lastKnownFileType = text.xcconfig; name = "Pods-kmpwapp-kmpwappTests.debug.xcconfig"; path = "Target Support Files/Pods-kmpwapp-kmpwappTests/Pods-kmpwapp-kmpwappTests.debug.xcconfig"; sourceTree = "<group>"; };
		6F962872CCB943E9A61E861E /* Poppins-ExtraBoldItalic.ttf */ = {isa = PBXFileReference; explicitFileType = undefined; fileEncoding = 9; includeInIndex = 0; lastKnownFileType = unknown; name = "Poppins-ExtraBoldItalic.ttf"; path = "../src/assets/fonts/Poppins-ExtraBoldItalic.ttf"; sourceTree = "<group>"; };
		74077C3751F1489A9E4F5189 /* Poppins-MediumItalic.ttf */ = {isa = PBXFileReference; explicitFileType = undefined; fileEncoding = 9; includeInIndex = 0; lastKnownFileType = unknown; name = "Poppins-MediumItalic.ttf"; path = "../src/assets/fonts/Poppins-MediumItalic.ttf"; sourceTree = "<group>"; };
		7561EC4D676446E7AF41A181 /* Foundation.ttf */ = {isa = PBXFileReference; explicitFileType = undefined; fileEncoding = 9; includeInIndex = 0; lastKnownFileType = unknown; name = Foundation.ttf; path = "../node_modules/react-native-vector-icons/Fonts/Foundation.ttf"; sourceTree = "<group>"; };
		7C0EC9DBD0DD46148CCA88C3 /* check-bundle.svg */ = {isa = PBXFileReference; explicitFileType = undefined; fileEncoding = 9; includeInIndex = 0; lastKnownFileType = unknown; name = "check-bundle.svg"; path = "../src/assets/svg/check-bundle.svg"; sourceTree = "<group>"; };
		7C82A7C33BEA43729949775F /* MaterialCommunityIcons.ttf */ = {isa = PBXFileReference; explicitFileType = undefined; fileEncoding = 9; includeInIndex = 0; lastKnownFileType = unknown; name = MaterialCommunityIcons.ttf; path = "../node_modules/react-native-vector-icons/Fonts/MaterialCommunityIcons.ttf"; sourceTree = "<group>"; };
		7F15CB8A7E50D18F82A5343D /* libPods-kmpwappCommonPods-kmpwappStg.a */ = {isa = PBXFileReference; explicitFileType = archive.ar; includeInIndex = 0; path = "libPods-kmpwappCommonPods-kmpwappStg.a"; sourceTree = BUILT_PRODUCTS_DIR; };
		81AB9BB72411601600AC10FF /* LaunchScreen.storyboard */ = {isa = PBXFileReference; fileEncoding = 4; lastKnownFileType = file.storyboard; name = LaunchScreen.storyboard; path = kmpwapp/LaunchScreen.storyboard; sourceTree = "<group>"; };
		873F0EF83DE4418291D2F903 /* Poppins-ExtraLightItalic.ttf */ = {isa = PBXFileReference; explicitFileType = undefined; fileEncoding = 9; includeInIndex = 0; lastKnownFileType = unknown; name = "Poppins-ExtraLightItalic.ttf"; path = "../src/assets/fonts/Poppins-ExtraLightItalic.ttf"; sourceTree = "<group>"; };
		88006370865644CEA474F9C3 /* Poppins-SemiBoldItalic.ttf */ = {isa = PBXFileReference; explicitFileType = undefined; fileEncoding = 9; includeInIndex = 0; lastKnownFileType = unknown; name = "Poppins-SemiBoldItalic.ttf"; path = "../src/assets/fonts/Poppins-SemiBoldItalic.ttf"; sourceTree = "<group>"; };
		926F31CD9AA547E696FD3498 /* FontAwesome5_Solid.ttf */ = {isa = PBXFileReference; explicitFileType = undefined; fileEncoding = 9; includeInIndex = 0; lastKnownFileType = unknown; name = FontAwesome5_Solid.ttf; path = "../node_modules/react-native-vector-icons/Fonts/FontAwesome5_Solid.ttf"; sourceTree = "<group>"; };
		94DB83CCB34E872E57A7630C /* libPods-kmpwappCommonPods-kmpwappDev.a */ = {isa = PBXFileReference; explicitFileType = archive.ar; includeInIndex = 0; path = "libPods-kmpwappCommonPods-kmpwappDev.a"; sourceTree = BUILT_PRODUCTS_DIR; };
		A933BE0D5B4F6BFD7AB5E175 /* libPods-kmpwappCommonPods-kmpwappTests.a */ = {isa = PBXFileReference; explicitFileType = archive.ar; includeInIndex = 0; path = "libPods-kmpwappCommonPods-kmpwappTests.a"; sourceTree = BUILT_PRODUCTS_DIR; };
		ABCB5369255265FC3304BD65 /* Pods-kmpwappCommonPods-kmpwappTests.release.xcconfig */ = {isa = PBXFileReference; includeInIndex = 1; lastKnownFileType = text.xcconfig; name = "Pods-kmpwappCommonPods-kmpwappTests.release.xcconfig"; path = "Target Support Files/Pods-kmpwappCommonPods-kmpwappTests/Pods-kmpwappCommonPods-kmpwappTests.release.xcconfig"; sourceTree = "<group>"; };
		ADC13EAE65EE4EA037B0F7D0 /* Pods-kmpwappCommonPods-kmpwappStg.debug.xcconfig */ = {isa = PBXFileReference; includeInIndex = 1; lastKnownFileType = text.xcconfig; name = "Pods-kmpwappCommonPods-kmpwappStg.debug.xcconfig"; path = "Target Support Files/Pods-kmpwappCommonPods-kmpwappStg/Pods-kmpwappCommonPods-kmpwappStg.debug.xcconfig"; sourceTree = "<group>"; };
		B362C2E7A19446DFBEFECC3E /* pencil-alt.svg */ = {isa = PBXFileReference; explicitFileType = undefined; fileEncoding = 9; includeInIndex = 0; lastKnownFileType = unknown; name = "pencil-alt.svg"; path = "../src/assets/svg/pencil-alt.svg"; sourceTree = "<group>"; };
		BEBFCD6A6EACA73E0FA1F460 /* Pods-kmpwappCommonPods-kmpwappStg.release.xcconfig */ = {isa = PBXFileReference; includeInIndex = 1; lastKnownFileType = text.xcconfig; name = "Pods-kmpwappCommonPods-kmpwappStg.release.xcconfig"; path = "Target Support Files/Pods-kmpwappCommonPods-kmpwappStg/Pods-kmpwappCommonPods-kmpwappStg.release.xcconfig"; sourceTree = "<group>"; };
		C0A881CF5CF3F2B244570E2A /* Pods-kmpwapp.debug.xcconfig */ = {isa = PBXFileReference; includeInIndex = 1; lastKnownFileType = text.xcconfig; name = "Pods-kmpwapp.debug.xcconfig"; path = "Target Support Files/Pods-kmpwapp/Pods-kmpwapp.debug.xcconfig"; sourceTree = "<group>"; };
		C0DC3807DB644D4F95A44291 /* Poppins-Light.ttf */ = {isa = PBXFileReference; explicitFileType = undefined; fileEncoding = 9; includeInIndex = 0; lastKnownFileType = unknown; name = "Poppins-Light.ttf"; path = "../src/assets/fonts/Poppins-Light.ttf"; sourceTree = "<group>"; };
		C610B19E09D440A6BFD3D0CC /* Ionicons.ttf */ = {isa = PBXFileReference; explicitFileType = undefined; fileEncoding = 9; includeInIndex = 0; lastKnownFileType = unknown; name = Ionicons.ttf; path = "../node_modules/react-native-vector-icons/Fonts/Ionicons.ttf"; sourceTree = "<group>"; };
		C91DF0EDA6BB4FCFABF06053 /* Entypo.ttf */ = {isa = PBXFileReference; explicitFileType = undefined; fileEncoding = 9; includeInIndex = 0; lastKnownFileType = unknown; name = Entypo.ttf; path = "../node_modules/react-native-vector-icons/Fonts/Entypo.ttf"; sourceTree = "<group>"; };
		CA8725FD78074BFBAA798C8A /* Poppins-BlackItalic.ttf */ = {isa = PBXFileReference; explicitFileType = undefined; fileEncoding = 9; includeInIndex = 0; lastKnownFileType = unknown; name = "Poppins-BlackItalic.ttf"; path = "../src/assets/fonts/Poppins-BlackItalic.ttf"; sourceTree = "<group>"; };
		CBCDECF6EBD04DF5A43E94B4 /* Poppins-Italic.ttf */ = {isa = PBXFileReference; explicitFileType = undefined; fileEncoding = 9; includeInIndex = 0; lastKnownFileType = unknown; name = "Poppins-Italic.ttf"; path = "../src/assets/fonts/Poppins-Italic.ttf"; sourceTree = "<group>"; };
		D00AAFFCFCFDA5787532823F /* Pods-kmpwapp.release.xcconfig */ = {isa = PBXFileReference; includeInIndex = 1; lastKnownFileType = text.xcconfig; name = "Pods-kmpwapp.release.xcconfig"; path = "Target Support Files/Pods-kmpwapp/Pods-kmpwapp.release.xcconfig"; sourceTree = "<group>"; };
		D61EE2C7068741A38CADE48B /* check-circle.svg */ = {isa = PBXFileReference; explicitFileType = undefined; fileEncoding = 9; includeInIndex = 0; lastKnownFileType = unknown; name = "check-circle.svg"; path = "../src/assets/svg/check-circle.svg"; sourceTree = "<group>"; };
		D705519D45EF4FCF979D0078 /* Feather.ttf */ = {isa = PBXFileReference; explicitFileType = undefined; fileEncoding = 9; includeInIndex = 0; lastKnownFileType = unknown; name = Feather.ttf; path = "../node_modules/react-native-vector-icons/Fonts/Feather.ttf"; sourceTree = "<group>"; };
		D9E9543AE0BA4F13886DA0D9 /* FontAwesome5_Brands.ttf */ = {isa = PBXFileReference; explicitFileType = undefined; fileEncoding = 9; includeInIndex = 0; lastKnownFileType = unknown; name = FontAwesome5_Brands.ttf; path = "../node_modules/react-native-vector-icons/Fonts/FontAwesome5_Brands.ttf"; sourceTree = "<group>"; };
		DE388E498E064BD88D120B87 /* FontAwesome5_Regular.ttf */ = {isa = PBXFileReference; explicitFileType = undefined; fileEncoding = 9; includeInIndex = 0; lastKnownFileType = unknown; name = FontAwesome5_Regular.ttf; path = "../node_modules/react-native-vector-icons/Fonts/FontAwesome5_Regular.ttf"; sourceTree = "<group>"; };
		DFAB469B0AA0856961942D9C /* Pods-kmpwappCommonPods-kmpwappDev.debug.xcconfig */ = {isa = PBXFileReference; includeInIndex = 1; lastKnownFileType = text.xcconfig; name = "Pods-kmpwappCommonPods-kmpwappDev.debug.xcconfig"; path = "Target Support Files/Pods-kmpwappCommonPods-kmpwappDev/Pods-kmpwappCommonPods-kmpwappDev.debug.xcconfig"; sourceTree = "<group>"; };
		E0B2D3878A7A4C09A7AD51B8 /* Fontisto.ttf */ = {isa = PBXFileReference; explicitFileType = undefined; fileEncoding = 9; includeInIndex = 0; lastKnownFileType = unknown; name = Fontisto.ttf; path = "../node_modules/react-native-vector-icons/Fonts/Fontisto.ttf"; sourceTree = "<group>"; };
		E1AC902448D44B01969B7CDD /* check-shield.svg */ = {isa = PBXFileReference; explicitFileType = undefined; fileEncoding = 9; includeInIndex = 0; lastKnownFileType = unknown; name = "check-shield.svg"; path = "../src/assets/svg/check-shield.svg"; sourceTree = "<group>"; };
		E52DFAA871BD4ECE9502A1B6 /* Poppins-LightItalic.ttf */ = {isa = PBXFileReference; explicitFileType = undefined; fileEncoding = 9; includeInIndex = 0; lastKnownFileType = unknown; name = "Poppins-LightItalic.ttf"; path = "../src/assets/fonts/Poppins-LightItalic.ttf"; sourceTree = "<group>"; };
		ED297162215061F000B7C4FE /* JavaScriptCore.framework */ = {isa = PBXFileReference; lastKnownFileType = wrapper.framework; name = JavaScriptCore.framework; path = System/Library/Frameworks/JavaScriptCore.framework; sourceTree = SDKROOT; };
		ED73513D0FFC4EE5B875CB7D /* arrow-right.svg */ = {isa = PBXFileReference; explicitFileType = undefined; fileEncoding = 9; includeInIndex = 0; lastKnownFileType = unknown; name = "arrow-right.svg"; path = "../src/assets/svg/arrow-right.svg"; sourceTree = "<group>"; };
		F667E5DB61134EE4B22DE48B /* AntDesign.ttf */ = {isa = PBXFileReference; explicitFileType = undefined; fileEncoding = 9; includeInIndex = 0; lastKnownFileType = unknown; name = AntDesign.ttf; path = "../node_modules/react-native-vector-icons/Fonts/AntDesign.ttf"; sourceTree = "<group>"; };
		F7693D86495F4E86874AB035 /* Poppins-SemiBold.ttf */ = {isa = PBXFileReference; explicitFileType = undefined; fileEncoding = 9; includeInIndex = 0; lastKnownFileType = unknown; name = "Poppins-SemiBold.ttf"; path = "../src/assets/fonts/Poppins-SemiBold.ttf"; sourceTree = "<group>"; };
		F92246FA2EF5482184084843 /* Zocial.ttf */ = {isa = PBXFileReference; explicitFileType = undefined; fileEncoding = 9; includeInIndex = 0; lastKnownFileType = unknown; name = Zocial.ttf; path = "../node_modules/react-native-vector-icons/Fonts/Zocial.ttf"; sourceTree = "<group>"; };
		FACD930DC7194C8283A1BA86 /* close-circle.svg */ = {isa = PBXFileReference; explicitFileType = undefined; fileEncoding = 9; includeInIndex = 0; lastKnownFileType = unknown; name = "close-circle.svg"; path = "../src/assets/svg/close-circle.svg"; sourceTree = "<group>"; };
		FEFDA9850F394579945C900E /* Poppins.ttf */ = {isa = PBXFileReference; explicitFileType = undefined; fileEncoding = 9; includeInIndex = 0; lastKnownFileType = unknown; name = Poppins.ttf; path = ../src/assets/fonts/Poppins.ttf; sourceTree = "<group>"; };
/* End PBXFileReference section */

/* Begin PBXFrameworksBuildPhase section */
		00E356EB1AD99517003FC87E /* Frameworks */ = {
			isa = PBXFrameworksBuildPhase;
			buildActionMask = 2147483647;
			files = (
				CFA273E9F607DDEA270DCF4F /* libPods-kmpwappCommonPods-kmpwappTests.a in Frameworks */,
			);
			runOnlyForDeploymentPostprocessing = 0;
		};
		13B07F8C1A680F5B00A75B9A /* Frameworks */ = {
			isa = PBXFrameworksBuildPhase;
			buildActionMask = 2147483647;
			files = (
				D347EFDB7C18420E8F139979 /* BuildFile in Frameworks */,
				9290BC33654536AA11BF799A /* libPods-kmpwappCommonPods-kmpwapp.a in Frameworks */,
			);
			runOnlyForDeploymentPostprocessing = 0;
		};
		40F1ED32288E266F000780B3 /* Frameworks */ = {
			isa = PBXFrameworksBuildPhase;
			buildActionMask = 2147483647;
			files = (
				2249E6080B1230F2C60EEDC9 /* libPods-kmpwappCommonPods-kmpwappDev.a in Frameworks */,
			);
			runOnlyForDeploymentPostprocessing = 0;
		};
		40F1ED57288E2D48000780B3 /* Frameworks */ = {
			isa = PBXFrameworksBuildPhase;
			buildActionMask = 2147483647;
			files = (
				502CF255DBE1282280ABE315 /* libPods-kmpwappCommonPods-kmpwappStg.a in Frameworks */,
			);
			runOnlyForDeploymentPostprocessing = 0;
		};
/* End PBXFrameworksBuildPhase section */

/* Begin PBXGroup section */
		00E356EF1AD99517003FC87E /* kmpwappTests */ = {
			isa = PBXGroup;
			children = (
				00E356F21AD99517003FC87E /* kmpwappTests.m */,
				00E356F01AD99517003FC87E /* Supporting Files */,
			);
			path = kmpwappTests;
			sourceTree = "<group>";
		};
		00E356F01AD99517003FC87E /* Supporting Files */ = {
			isa = PBXGroup;
			children = (
				00E356F11AD99517003FC87E /* Info.plist */,
			);
			name = "Supporting Files";
			sourceTree = "<group>";
		};
		13B07FAE1A68108700A75B9A /* kmpwapp */ = {
			isa = PBXGroup;
			children = (
				13B07FAF1A68108700A75B9A /* AppDelegate.h */,
				13B07FB01A68108700A75B9A /* AppDelegate.m */,
				13B07FB51A68108700A75B9A /* Images.xcassets */,
				13B07FB61A68108700A75B9A /* Info.plist */,
				40F1ED4D288E2C1D000780B3 /* geolocation-dependency.swift */,
				81AB9BB72411601600AC10FF /* LaunchScreen.storyboard */,
				13B07FB71A68108700A75B9A /* main.m */,
			);
			name = kmpwapp;
			sourceTree = "<group>";
		};
		2D16E6871FA4F8E400B85C8A /* Frameworks */ = {
			isa = PBXGroup;
			children = (
				ED297162215061F000B7C4FE /* JavaScriptCore.framework */,
				94DB83CCB34E872E57A7630C /* libPods-kmpwappCommonPods-kmpwappDev.a */,
				A933BE0D5B4F6BFD7AB5E175 /* libPods-kmpwappCommonPods-kmpwappTests.a */,
				7F15CB8A7E50D18F82A5343D /* libPods-kmpwappCommonPods-kmpwappStg.a */,
				1A3DEDBC549A8DAA837C3878 /* libPods-kmpwappCommonPods-kmpwapp.a */,
			);
			name = Frameworks;
			sourceTree = "<group>";
		};
		40DF1FC6281E5E390054DA38 /* Recovered References */ = {
			isa = PBXGroup;
			children = (
				CA8725FD78074BFBAA798C8A /* Poppins-BlackItalic.ttf */,
				14DA7ACE9C604DD79D605407 /* Poppins-BoldItalic.ttf */,
				6F962872CCB943E9A61E861E /* Poppins-ExtraBoldItalic.ttf */,
				0961FDB0E1DC4934AF69F4B3 /* Poppins-ExtraLight.ttf */,
				873F0EF83DE4418291D2F903 /* Poppins-ExtraLightItalic.ttf */,
				CBCDECF6EBD04DF5A43E94B4 /* Poppins-Italic.ttf */,
				C0DC3807DB644D4F95A44291 /* Poppins-Light.ttf */,
				E52DFAA871BD4ECE9502A1B6 /* Poppins-LightItalic.ttf */,
				74077C3751F1489A9E4F5189 /* Poppins-MediumItalic.ttf */,
				F7693D86495F4E86874AB035 /* Poppins-SemiBold.ttf */,
				88006370865644CEA474F9C3 /* Poppins-SemiBoldItalic.ttf */,
			);
			name = "Recovered References";
			sourceTree = "<group>";
		};
		60460A3FE45B43F985002FCE /* Resources */ = {
			isa = PBXGroup;
			children = (
				627739E56C6749409FDE458C /* Poppins-Black.ttf */,
				39E7AE54451C4951A58B229D /* Poppins-Bold.ttf */,
				3CA14F6758F5400F99666564 /* Poppins-ExtraBold.ttf */,
				5E25F164C82B432E91B7BCB1 /* Poppins-Medium.ttf */,
				1EDD20FDA0354F519C9AC9D7 /* Poppins-Regular.ttf */,
				F667E5DB61134EE4B22DE48B /* AntDesign.ttf */,
				C91DF0EDA6BB4FCFABF06053 /* Entypo.ttf */,
				21EBE1A472904E3C82042DE7 /* EvilIcons.ttf */,
				D705519D45EF4FCF979D0078 /* Feather.ttf */,
				2CF4D514DC0043EDB0D40FA7 /* FontAwesome.ttf */,
				D9E9543AE0BA4F13886DA0D9 /* FontAwesome5_Brands.ttf */,
				DE388E498E064BD88D120B87 /* FontAwesome5_Regular.ttf */,
				926F31CD9AA547E696FD3498 /* FontAwesome5_Solid.ttf */,
				E0B2D3878A7A4C09A7AD51B8 /* Fontisto.ttf */,
				7561EC4D676446E7AF41A181 /* Foundation.ttf */,
				C610B19E09D440A6BFD3D0CC /* Ionicons.ttf */,
				7C82A7C33BEA43729949775F /* MaterialCommunityIcons.ttf */,
				17A7767F26E640A89F1CC778 /* MaterialIcons.ttf */,
				2C9239DADB324E40A02C93FB /* Octicons.ttf */,
				5674BDEFBDF24C7599EBF662 /* SimpleLineIcons.ttf */,
				F92246FA2EF5482184084843 /* Zocial.ttf */,
				ED73513D0FFC4EE5B875CB7D /* arrow-right.svg */,
				4743155F5A7549D394506D7C /* test-pup.jpg */,
				FEFDA9850F394579945C900E /* Poppins.ttf */,
				7C0EC9DBD0DD46148CCA88C3 /* check-bundle.svg */,
				D61EE2C7068741A38CADE48B /* check-circle.svg */,
				E1AC902448D44B01969B7CDD /* check-shield.svg */,
				FACD930DC7194C8283A1BA86 /* close-circle.svg */,
				0406026AE85D47B3BD59C7B1 /* cloud.svg */,
				3432A0D0386149A283D7C083 /* logout.svg */,
				B362C2E7A19446DFBEFECC3E /* pencil-alt.svg */,
				0DA28170CF0146C1BF80B65D /* plus.svg */,
			);
			name = Resources;
			sourceTree = "<group>";
		};
		832341AE1AAA6A7D00B99B32 /* Libraries */ = {
			isa = PBXGroup;
			children = (
			);
			name = Libraries;
			sourceTree = "<group>";
		};
		83CBB9F61A601CBA00E9B192 = {
			isa = PBXGroup;
			children = (
				13B07FAE1A68108700A75B9A /* kmpwapp */,
				832341AE1AAA6A7D00B99B32 /* Libraries */,
				00E356EF1AD99517003FC87E /* kmpwappTests */,
				83CBBA001A601CBA00E9B192 /* Products */,
				2D16E6871FA4F8E400B85C8A /* Frameworks */,
				E233CBF5F47BEE60B243DCF8 /* Pods */,
				60460A3FE45B43F985002FCE /* Resources */,
				40DF1FC6281E5E390054DA38 /* Recovered References */,
				40AC781C2828A29600C4B871 /* kmpwapp-Bridging-Header.h */,
				40F1ED4C288E266F000780B3 /* kmpwappDev-Info.plist */,
				40F1ED71288E2D48000780B3 /* kmpwappStg-Info.plist */,
			);
			indentWidth = 2;
			sourceTree = "<group>";
			tabWidth = 2;
			usesTabs = 0;
		};
		83CBBA001A601CBA00E9B192 /* Products */ = {
			isa = PBXGroup;
			children = (
				13B07F961A680F5B00A75B9A /* kmpwapp.app */,
				00E356EE1AD99517003FC87E /* kmpwappTests.xctest */,
				40F1ED4B288E266F000780B3 /* kmpwappDev.app */,
				40F1ED70288E2D48000780B3 /* kmpwappStg.app */,
			);
			name = Products;
			sourceTree = "<group>";
		};
		E233CBF5F47BEE60B243DCF8 /* Pods */ = {
			isa = PBXGroup;
			children = (
				C0A881CF5CF3F2B244570E2A /* Pods-kmpwapp.debug.xcconfig */,
				D00AAFFCFCFDA5787532823F /* Pods-kmpwapp.release.xcconfig */,
				6C97AB639B58BBB4B15BBE30 /* Pods-kmpwapp-kmpwappTests.debug.xcconfig */,
				1D0AE47A65C8663E3B452821 /* Pods-kmpwapp-kmpwappTests.release.xcconfig */,
				190E38604B1D4DC8A789BF95 /* Pods-kmpwappCommonPods-kmpwapp.debug.xcconfig */,
				646F874E20994DEBF2C30B75 /* Pods-kmpwappCommonPods-kmpwapp.release.xcconfig */,
				DFAB469B0AA0856961942D9C /* Pods-kmpwappCommonPods-kmpwappDev.debug.xcconfig */,
				4F233C4CDA272B7DFD044C1C /* Pods-kmpwappCommonPods-kmpwappDev.release.xcconfig */,
				0E80303EB3B039EAD1234546 /* Pods-kmpwappCommonPods-kmpwappTests.debug.xcconfig */,
				ABCB5369255265FC3304BD65 /* Pods-kmpwappCommonPods-kmpwappTests.release.xcconfig */,
				ADC13EAE65EE4EA037B0F7D0 /* Pods-kmpwappCommonPods-kmpwappStg.debug.xcconfig */,
				BEBFCD6A6EACA73E0FA1F460 /* Pods-kmpwappCommonPods-kmpwappStg.release.xcconfig */,
			);
			path = Pods;
			sourceTree = "<group>";
		};
/* End PBXGroup section */

/* Begin PBXNativeTarget section */
		00E356ED1AD99517003FC87E /* kmpwappTests */ = {
			isa = PBXNativeTarget;
			buildConfigurationList = 00E357021AD99517003FC87E /* Build configuration list for PBXNativeTarget "kmpwappTests" */;
			buildPhases = (
				A130D646172E58E1D159D8F2 /* [CP] Check Pods Manifest.lock */,
				00E356EA1AD99517003FC87E /* Sources */,
				00E356EB1AD99517003FC87E /* Frameworks */,
				00E356EC1AD99517003FC87E /* Resources */,
				077E01280D4B4AD18B2E1770 /* [CP] Embed Pods Frameworks */,
				4E62BDF20514810D028A5FBF /* [CP] Copy Pods Resources */,
			);
			buildRules = (
			);
			dependencies = (
				00E356F51AD99517003FC87E /* PBXTargetDependency */,
			);
			name = kmpwappTests;
			productName = kmpwappTests;
			productReference = 00E356EE1AD99517003FC87E /* kmpwappTests.xctest */;
			productType = "com.apple.product-type.bundle.unit-test";
		};
		13B07F861A680F5B00A75B9A /* kmpwapp */ = {
			isa = PBXNativeTarget;
			buildConfigurationList = 13B07F931A680F5B00A75B9A /* Build configuration list for PBXNativeTarget "kmpwapp" */;
			buildPhases = (
				3E482C27206C4DEF2FE45063 /* [CP] Check Pods Manifest.lock */,
				FD10A7F022414F080027D42C /* Start Packager */,
				13B07F871A680F5B00A75B9A /* Sources */,
				13B07F8C1A680F5B00A75B9A /* Frameworks */,
				13B07F8E1A680F5B00A75B9A /* Resources */,
				00DD1BFF1BD5951E006B06BC /* Bundle React Native code and images */,
				C8AC78B0264D0F9F6F6D630E /* [CP] Embed Pods Frameworks */,
				ADC9DDC32298B72B3CF5DC8E /* [CP] Copy Pods Resources */,
			);
			buildRules = (
			);
			dependencies = (
			);
			name = kmpwapp;
			productName = kmpwapp;
			productReference = 13B07F961A680F5B00A75B9A /* kmpwapp.app */;
			productType = "com.apple.product-type.application";
		};
		40F1ED2A288E266F000780B3 /* kmpwappDev */ = {
			isa = PBXNativeTarget;
			buildConfigurationList = 40F1ED48288E266F000780B3 /* Build configuration list for PBXNativeTarget "kmpwappDev" */;
			buildPhases = (
				40F1ED2B288E266F000780B3 /* [CP] Check Pods Manifest.lock */,
				40F1ED2C288E266F000780B3 /* Start Packager */,
				40F1ED2D288E266F000780B3 /* Sources */,
				40F1ED32288E266F000780B3 /* Frameworks */,
				40F1ED34288E266F000780B3 /* Resources */,
				40F1ED45288E266F000780B3 /* Bundle React Native code and images */,
				40F1ED46288E266F000780B3 /* [CP] Embed Pods Frameworks */,
				40F1ED47288E266F000780B3 /* [CP] Copy Pods Resources */,
			);
			buildRules = (
			);
			dependencies = (
			);
			name = kmpwappDev;
			productName = kmpwapp;
			productReference = 40F1ED4B288E266F000780B3 /* kmpwappDev.app */;
			productType = "com.apple.product-type.application";
		};
		40F1ED50288E2D48000780B3 /* kmpwappStg */ = {
			isa = PBXNativeTarget;
			buildConfigurationList = 40F1ED6D288E2D48000780B3 /* Build configuration list for PBXNativeTarget "kmpwappStg" */;
			buildPhases = (
				40F1ED51288E2D48000780B3 /* [CP] Check Pods Manifest.lock */,
				40F1ED52288E2D48000780B3 /* Start Packager */,
				40F1ED53288E2D48000780B3 /* Sources */,
				40F1ED57288E2D48000780B3 /* Frameworks */,
				40F1ED59288E2D48000780B3 /* Resources */,
				40F1ED6A288E2D48000780B3 /* Bundle React Native code and images */,
				40F1ED6B288E2D48000780B3 /* [CP] Embed Pods Frameworks */,
				40F1ED6C288E2D48000780B3 /* [CP] Copy Pods Resources */,
			);
			buildRules = (
			);
			dependencies = (
			);
			name = kmpwappStg;
			productName = kmpwapp;
			productReference = 40F1ED70288E2D48000780B3 /* kmpwappStg.app */;
			productType = "com.apple.product-type.application";
		};
/* End PBXNativeTarget section */

/* Begin PBXProject section */
		83CBB9F71A601CBA00E9B192 /* Project object */ = {
			isa = PBXProject;
			attributes = {
				LastUpgradeCheck = 1320;
				TargetAttributes = {
					00E356ED1AD99517003FC87E = {
						CreatedOnToolsVersion = 6.2;
						TestTargetID = 13B07F861A680F5B00A75B9A;
					};
					13B07F861A680F5B00A75B9A = {
						LastSwiftMigration = 1320;
					};
				};
			};
			buildConfigurationList = 83CBB9FA1A601CBA00E9B192 /* Build configuration list for PBXProject "kmpwapp" */;
			compatibilityVersion = "Xcode 12.0";
			developmentRegion = en;
			hasScannedForEncodings = 0;
			knownRegions = (
				en,
				Base,
			);
			mainGroup = 83CBB9F61A601CBA00E9B192;
			productRefGroup = 83CBBA001A601CBA00E9B192 /* Products */;
			projectDirPath = "";
			projectRoot = "";
			targets = (
				13B07F861A680F5B00A75B9A /* kmpwapp */,
				00E356ED1AD99517003FC87E /* kmpwappTests */,
				40F1ED2A288E266F000780B3 /* kmpwappDev */,
				40F1ED50288E2D48000780B3 /* kmpwappStg */,
			);
		};
/* End PBXProject section */

/* Begin PBXResourcesBuildPhase section */
		00E356EC1AD99517003FC87E /* Resources */ = {
			isa = PBXResourcesBuildPhase;
			buildActionMask = 2147483647;
			files = (
			);
			runOnlyForDeploymentPostprocessing = 0;
		};
		13B07F8E1A680F5B00A75B9A /* Resources */ = {
			isa = PBXResourcesBuildPhase;
			buildActionMask = 2147483647;
			files = (
				81AB9BB82411601600AC10FF /* LaunchScreen.storyboard in Resources */,
				13B07FBF1A68108700A75B9A /* Images.xcassets in Resources */,
				E654EB5453614D108486B94D /* Poppins-Black.ttf in Resources */,
				40DF1FC7281E5EDD0054DA38 /* Poppins-Medium.ttf in Resources */,
				C4CB089310C34E3B8C64F94A /* Poppins-Bold.ttf in Resources */,
				29022DFD6B94454CB3E2C555 /* arrow-right.svg in Resources */,
				BBF46C5E31CD4062A033301C /* test-pup.jpg in Resources */,
				98297AE0C59E492991468CEA /* Poppins.ttf in Resources */,
				9DC874BAED094F688E0F13D4 /* check-bundle.svg in Resources */,
				A29A3A6C15D94956BC4B372A /* check-circle.svg in Resources */,
				34C7A86B09714E688D304948 /* check-shield.svg in Resources */,
				A88F9F633A8E44C8AD51381D /* close-circle.svg in Resources */,
				4404F2A1203C4ED0818ACD05 /* cloud.svg in Resources */,
				D384008364804F2AA5D4A7E2 /* logout.svg in Resources */,
				F80A89A4A069423BB745D210 /* pencil-alt.svg in Resources */,
				0B3D7E904B2F488F91091041 /* plus.svg in Resources */,
			);
			runOnlyForDeploymentPostprocessing = 0;
		};
		40F1ED34288E266F000780B3 /* Resources */ = {
			isa = PBXResourcesBuildPhase;
			buildActionMask = 2147483647;
			files = (
				40F1ED35288E266F000780B3 /* LaunchScreen.storyboard in Resources */,
				40F1ED36288E266F000780B3 /* Images.xcassets in Resources */,
				40F1ED37288E266F000780B3 /* Poppins-Black.ttf in Resources */,
				40F1ED38288E266F000780B3 /* Poppins-Medium.ttf in Resources */,
				40F1ED39288E266F000780B3 /* Poppins-Bold.ttf in Resources */,
				40F1ED3A288E266F000780B3 /* arrow-right.svg in Resources */,
				40F1ED3B288E266F000780B3 /* test-pup.jpg in Resources */,
				40F1ED3C288E266F000780B3 /* Poppins.ttf in Resources */,
				40F1ED3D288E266F000780B3 /* check-bundle.svg in Resources */,
				40F1ED3E288E266F000780B3 /* check-circle.svg in Resources */,
				40F1ED3F288E266F000780B3 /* check-shield.svg in Resources */,
				40F1ED40288E266F000780B3 /* close-circle.svg in Resources */,
				40F1ED41288E266F000780B3 /* cloud.svg in Resources */,
				40F1ED42288E266F000780B3 /* logout.svg in Resources */,
				40F1ED43288E266F000780B3 /* pencil-alt.svg in Resources */,
				40F1ED44288E266F000780B3 /* plus.svg in Resources */,
			);
			runOnlyForDeploymentPostprocessing = 0;
		};
		40F1ED59288E2D48000780B3 /* Resources */ = {
			isa = PBXResourcesBuildPhase;
			buildActionMask = 2147483647;
			files = (
				40F1ED5A288E2D48000780B3 /* LaunchScreen.storyboard in Resources */,
				40F1ED5B288E2D48000780B3 /* Images.xcassets in Resources */,
				40F1ED5C288E2D48000780B3 /* Poppins-Black.ttf in Resources */,
				40F1ED5D288E2D48000780B3 /* Poppins-Medium.ttf in Resources */,
				40F1ED5E288E2D48000780B3 /* Poppins-Bold.ttf in Resources */,
				40F1ED5F288E2D48000780B3 /* arrow-right.svg in Resources */,
				40F1ED60288E2D48000780B3 /* test-pup.jpg in Resources */,
				40F1ED61288E2D48000780B3 /* Poppins.ttf in Resources */,
				40F1ED62288E2D48000780B3 /* check-bundle.svg in Resources */,
				40F1ED63288E2D48000780B3 /* check-circle.svg in Resources */,
				40F1ED64288E2D48000780B3 /* check-shield.svg in Resources */,
				40F1ED65288E2D48000780B3 /* close-circle.svg in Resources */,
				40F1ED66288E2D48000780B3 /* cloud.svg in Resources */,
				40F1ED67288E2D48000780B3 /* logout.svg in Resources */,
				40F1ED68288E2D48000780B3 /* pencil-alt.svg in Resources */,
				40F1ED69288E2D48000780B3 /* plus.svg in Resources */,
			);
			runOnlyForDeploymentPostprocessing = 0;
		};
/* End PBXResourcesBuildPhase section */

/* Begin PBXShellScriptBuildPhase section */
		00DD1BFF1BD5951E006B06BC /* Bundle React Native code and images */ = {
			isa = PBXShellScriptBuildPhase;
			buildActionMask = 2147483647;
			files = (
			);
			inputPaths = (
			);
			name = "Bundle React Native code and images";
			outputPaths = (
			);
			runOnlyForDeploymentPostprocessing = 0;
			shellPath = /bin/sh;
			shellScript = "set -e\n\nexport NODE_BINARY=node\n../node_modules/react-native/scripts/react-native-xcode.sh\n";
		};
		077E01280D4B4AD18B2E1770 /* [CP] Embed Pods Frameworks */ = {
			isa = PBXShellScriptBuildPhase;
			buildActionMask = 2147483647;
			files = (
			);
			inputFileListPaths = (
				"${PODS_ROOT}/Target Support Files/Pods-kmpwappCommonPods-kmpwappTests/Pods-kmpwappCommonPods-kmpwappTests-frameworks-${CONFIGURATION}-input-files.xcfilelist",
			);
			name = "[CP] Embed Pods Frameworks";
			outputFileListPaths = (
				"${PODS_ROOT}/Target Support Files/Pods-kmpwappCommonPods-kmpwappTests/Pods-kmpwappCommonPods-kmpwappTests-frameworks-${CONFIGURATION}-output-files.xcfilelist",
			);
			runOnlyForDeploymentPostprocessing = 0;
			shellPath = /bin/sh;
			shellScript = "\"${PODS_ROOT}/Target Support Files/Pods-kmpwappCommonPods-kmpwappTests/Pods-kmpwappCommonPods-kmpwappTests-frameworks.sh\"\n";
			showEnvVarsInLog = 0;
		};
		3E482C27206C4DEF2FE45063 /* [CP] Check Pods Manifest.lock */ = {
			isa = PBXShellScriptBuildPhase;
			buildActionMask = 2147483647;
			files = (
			);
			inputFileListPaths = (
			);
			inputPaths = (
				"${PODS_PODFILE_DIR_PATH}/Podfile.lock",
				"${PODS_ROOT}/Manifest.lock",
			);
			name = "[CP] Check Pods Manifest.lock";
			outputFileListPaths = (
			);
			outputPaths = (
				"$(DERIVED_FILE_DIR)/Pods-kmpwappCommonPods-kmpwapp-checkManifestLockResult.txt",
			);
			runOnlyForDeploymentPostprocessing = 0;
			shellPath = /bin/sh;
			shellScript = "diff \"${PODS_PODFILE_DIR_PATH}/Podfile.lock\" \"${PODS_ROOT}/Manifest.lock\" > /dev/null\nif [ $? != 0 ] ; then\n    # print error to STDERR\n    echo \"error: The sandbox is not in sync with the Podfile.lock. Run 'pod install' or update your CocoaPods installation.\" >&2\n    exit 1\nfi\n# This output is used by Xcode 'outputs' to avoid re-running this script phase.\necho \"SUCCESS\" > \"${SCRIPT_OUTPUT_FILE_0}\"\n";
			showEnvVarsInLog = 0;
		};
		40F1ED2B288E266F000780B3 /* [CP] Check Pods Manifest.lock */ = {
			isa = PBXShellScriptBuildPhase;
			buildActionMask = 2147483647;
			files = (
			);
			inputFileListPaths = (
			);
			inputPaths = (
				"${PODS_PODFILE_DIR_PATH}/Podfile.lock",
				"${PODS_ROOT}/Manifest.lock",
			);
			name = "[CP] Check Pods Manifest.lock";
			outputFileListPaths = (
			);
			outputPaths = (
				"$(DERIVED_FILE_DIR)/Pods-kmpwappCommonPods-kmpwappDev-checkManifestLockResult.txt",
			);
			runOnlyForDeploymentPostprocessing = 0;
			shellPath = /bin/sh;
			shellScript = "diff \"${PODS_PODFILE_DIR_PATH}/Podfile.lock\" \"${PODS_ROOT}/Manifest.lock\" > /dev/null\nif [ $? != 0 ] ; then\n    # print error to STDERR\n    echo \"error: The sandbox is not in sync with the Podfile.lock. Run 'pod install' or update your CocoaPods installation.\" >&2\n    exit 1\nfi\n# This output is used by Xcode 'outputs' to avoid re-running this script phase.\necho \"SUCCESS\" > \"${SCRIPT_OUTPUT_FILE_0}\"\n";
			showEnvVarsInLog = 0;
		};
		40F1ED2C288E266F000780B3 /* Start Packager */ = {
			isa = PBXShellScriptBuildPhase;
			buildActionMask = 2147483647;
			files = (
			);
			inputFileListPaths = (
			);
			inputPaths = (
			);
			name = "Start Packager";
			outputFileListPaths = (
			);
			outputPaths = (
			);
			runOnlyForDeploymentPostprocessing = 0;
			shellPath = /bin/sh;
			shellScript = "export RCT_METRO_PORT=\"${RCT_METRO_PORT:=8081}\"\necho \"export RCT_METRO_PORT=${RCT_METRO_PORT}\" > \"${SRCROOT}/../node_modules/react-native/scripts/.packager.env\"\nif [ -z \"${RCT_NO_LAUNCH_PACKAGER+xxx}\" ] ; then\n  if nc -w 5 -z localhost ${RCT_METRO_PORT} ; then\n    if ! curl -s \"http://localhost:${RCT_METRO_PORT}/status\" | grep -q \"packager-status:running\" ; then\n      echo \"Port ${RCT_METRO_PORT} already in use, packager is either not running or not running correctly\"\n      exit 2\n    fi\n  else\n    open \"$SRCROOT/../node_modules/react-native/scripts/launchPackager.command\" || echo \"Can't start packager automatically\"\n  fi\nfi\n";
			showEnvVarsInLog = 0;
		};
		40F1ED45288E266F000780B3 /* Bundle React Native code and images */ = {
			isa = PBXShellScriptBuildPhase;
			buildActionMask = 2147483647;
			files = (
			);
			inputPaths = (
			);
			name = "Bundle React Native code and images";
			outputPaths = (
			);
			runOnlyForDeploymentPostprocessing = 0;
			shellPath = /bin/sh;
			shellScript = "set -e\n\nexport NODE_BINARY=node\n../node_modules/react-native/scripts/react-native-xcode.sh\n";
		};
		40F1ED46288E266F000780B3 /* [CP] Embed Pods Frameworks */ = {
			isa = PBXShellScriptBuildPhase;
			buildActionMask = 2147483647;
			files = (
			);
			inputFileListPaths = (
				"${PODS_ROOT}/Target Support Files/Pods-kmpwappCommonPods-kmpwappDev/Pods-kmpwappCommonPods-kmpwappDev-frameworks-${CONFIGURATION}-input-files.xcfilelist",
			);
			name = "[CP] Embed Pods Frameworks";
			outputFileListPaths = (
				"${PODS_ROOT}/Target Support Files/Pods-kmpwappCommonPods-kmpwappDev/Pods-kmpwappCommonPods-kmpwappDev-frameworks-${CONFIGURATION}-output-files.xcfilelist",
			);
			runOnlyForDeploymentPostprocessing = 0;
			shellPath = /bin/sh;
			shellScript = "\"${PODS_ROOT}/Target Support Files/Pods-kmpwappCommonPods-kmpwappDev/Pods-kmpwappCommonPods-kmpwappDev-frameworks.sh\"\n";
			showEnvVarsInLog = 0;
		};
		40F1ED47288E266F000780B3 /* [CP] Copy Pods Resources */ = {
			isa = PBXShellScriptBuildPhase;
			buildActionMask = 2147483647;
			files = (
			);
			inputFileListPaths = (
				"${PODS_ROOT}/Target Support Files/Pods-kmpwappCommonPods-kmpwappDev/Pods-kmpwappCommonPods-kmpwappDev-resources-${CONFIGURATION}-input-files.xcfilelist",
			);
			name = "[CP] Copy Pods Resources";
			outputFileListPaths = (
				"${PODS_ROOT}/Target Support Files/Pods-kmpwappCommonPods-kmpwappDev/Pods-kmpwappCommonPods-kmpwappDev-resources-${CONFIGURATION}-output-files.xcfilelist",
			);
			runOnlyForDeploymentPostprocessing = 0;
			shellPath = /bin/sh;
			shellScript = "\"${PODS_ROOT}/Target Support Files/Pods-kmpwappCommonPods-kmpwappDev/Pods-kmpwappCommonPods-kmpwappDev-resources.sh\"\n";
			showEnvVarsInLog = 0;
		};
		40F1ED51288E2D48000780B3 /* [CP] Check Pods Manifest.lock */ = {
			isa = PBXShellScriptBuildPhase;
			buildActionMask = 2147483647;
			files = (
			);
			inputFileListPaths = (
			);
			inputPaths = (
				"${PODS_PODFILE_DIR_PATH}/Podfile.lock",
				"${PODS_ROOT}/Manifest.lock",
			);
			name = "[CP] Check Pods Manifest.lock";
			outputFileListPaths = (
			);
			outputPaths = (
				"$(DERIVED_FILE_DIR)/Pods-kmpwappCommonPods-kmpwappStg-checkManifestLockResult.txt",
			);
			runOnlyForDeploymentPostprocessing = 0;
			shellPath = /bin/sh;
			shellScript = "diff \"${PODS_PODFILE_DIR_PATH}/Podfile.lock\" \"${PODS_ROOT}/Manifest.lock\" > /dev/null\nif [ $? != 0 ] ; then\n    # print error to STDERR\n    echo \"error: The sandbox is not in sync with the Podfile.lock. Run 'pod install' or update your CocoaPods installation.\" >&2\n    exit 1\nfi\n# This output is used by Xcode 'outputs' to avoid re-running this script phase.\necho \"SUCCESS\" > \"${SCRIPT_OUTPUT_FILE_0}\"\n";
			showEnvVarsInLog = 0;
		};
		40F1ED52288E2D48000780B3 /* Start Packager */ = {
			isa = PBXShellScriptBuildPhase;
			buildActionMask = 2147483647;
			files = (
			);
			inputFileListPaths = (
			);
			inputPaths = (
			);
			name = "Start Packager";
			outputFileListPaths = (
			);
			outputPaths = (
			);
			runOnlyForDeploymentPostprocessing = 0;
			shellPath = /bin/sh;
			shellScript = "export RCT_METRO_PORT=\"${RCT_METRO_PORT:=8081}\"\necho \"export RCT_METRO_PORT=${RCT_METRO_PORT}\" > \"${SRCROOT}/../node_modules/react-native/scripts/.packager.env\"\nif [ -z \"${RCT_NO_LAUNCH_PACKAGER+xxx}\" ] ; then\n  if nc -w 5 -z localhost ${RCT_METRO_PORT} ; then\n    if ! curl -s \"http://localhost:${RCT_METRO_PORT}/status\" | grep -q \"packager-status:running\" ; then\n      echo \"Port ${RCT_METRO_PORT} already in use, packager is either not running or not running correctly\"\n      exit 2\n    fi\n  else\n    open \"$SRCROOT/../node_modules/react-native/scripts/launchPackager.command\" || echo \"Can't start packager automatically\"\n  fi\nfi\n";
			showEnvVarsInLog = 0;
		};
		40F1ED6A288E2D48000780B3 /* Bundle React Native code and images */ = {
			isa = PBXShellScriptBuildPhase;
			buildActionMask = 2147483647;
			files = (
			);
			inputPaths = (
			);
			name = "Bundle React Native code and images";
			outputPaths = (
			);
			runOnlyForDeploymentPostprocessing = 0;
			shellPath = /bin/sh;
			shellScript = "set -e\n\nexport NODE_BINARY=node\n../node_modules/react-native/scripts/react-native-xcode.sh\n";
		};
		40F1ED6B288E2D48000780B3 /* [CP] Embed Pods Frameworks */ = {
			isa = PBXShellScriptBuildPhase;
			buildActionMask = 2147483647;
			files = (
			);
			inputFileListPaths = (
				"${PODS_ROOT}/Target Support Files/Pods-kmpwappCommonPods-kmpwappStg/Pods-kmpwappCommonPods-kmpwappStg-frameworks-${CONFIGURATION}-input-files.xcfilelist",
			);
			name = "[CP] Embed Pods Frameworks";
			outputFileListPaths = (
				"${PODS_ROOT}/Target Support Files/Pods-kmpwappCommonPods-kmpwappStg/Pods-kmpwappCommonPods-kmpwappStg-frameworks-${CONFIGURATION}-output-files.xcfilelist",
			);
			runOnlyForDeploymentPostprocessing = 0;
			shellPath = /bin/sh;
			shellScript = "\"${PODS_ROOT}/Target Support Files/Pods-kmpwappCommonPods-kmpwappStg/Pods-kmpwappCommonPods-kmpwappStg-frameworks.sh\"\n";
			showEnvVarsInLog = 0;
		};
		40F1ED6C288E2D48000780B3 /* [CP] Copy Pods Resources */ = {
			isa = PBXShellScriptBuildPhase;
			buildActionMask = 2147483647;
			files = (
			);
			inputFileListPaths = (
				"${PODS_ROOT}/Target Support Files/Pods-kmpwappCommonPods-kmpwappStg/Pods-kmpwappCommonPods-kmpwappStg-resources-${CONFIGURATION}-input-files.xcfilelist",
			);
			name = "[CP] Copy Pods Resources";
			outputFileListPaths = (
				"${PODS_ROOT}/Target Support Files/Pods-kmpwappCommonPods-kmpwappStg/Pods-kmpwappCommonPods-kmpwappStg-resources-${CONFIGURATION}-output-files.xcfilelist",
			);
			runOnlyForDeploymentPostprocessing = 0;
			shellPath = /bin/sh;
			shellScript = "\"${PODS_ROOT}/Target Support Files/Pods-kmpwappCommonPods-kmpwappStg/Pods-kmpwappCommonPods-kmpwappStg-resources.sh\"\n";
			showEnvVarsInLog = 0;
		};
		4E62BDF20514810D028A5FBF /* [CP] Copy Pods Resources */ = {
			isa = PBXShellScriptBuildPhase;
			buildActionMask = 2147483647;
			files = (
			);
			inputFileListPaths = (
				"${PODS_ROOT}/Target Support Files/Pods-kmpwappCommonPods-kmpwappTests/Pods-kmpwappCommonPods-kmpwappTests-resources-${CONFIGURATION}-input-files.xcfilelist",
			);
			name = "[CP] Copy Pods Resources";
			outputFileListPaths = (
				"${PODS_ROOT}/Target Support Files/Pods-kmpwappCommonPods-kmpwappTests/Pods-kmpwappCommonPods-kmpwappTests-resources-${CONFIGURATION}-output-files.xcfilelist",
			);
			runOnlyForDeploymentPostprocessing = 0;
			shellPath = /bin/sh;
			shellScript = "\"${PODS_ROOT}/Target Support Files/Pods-kmpwappCommonPods-kmpwappTests/Pods-kmpwappCommonPods-kmpwappTests-resources.sh\"\n";
			showEnvVarsInLog = 0;
		};
		A130D646172E58E1D159D8F2 /* [CP] Check Pods Manifest.lock */ = {
			isa = PBXShellScriptBuildPhase;
			buildActionMask = 2147483647;
			files = (
			);
			inputFileListPaths = (
			);
			inputPaths = (
				"${PODS_PODFILE_DIR_PATH}/Podfile.lock",
				"${PODS_ROOT}/Manifest.lock",
			);
			name = "[CP] Check Pods Manifest.lock";
			outputFileListPaths = (
			);
			outputPaths = (
				"$(DERIVED_FILE_DIR)/Pods-kmpwappCommonPods-kmpwappTests-checkManifestLockResult.txt",
			);
			runOnlyForDeploymentPostprocessing = 0;
			shellPath = /bin/sh;
			shellScript = "diff \"${PODS_PODFILE_DIR_PATH}/Podfile.lock\" \"${PODS_ROOT}/Manifest.lock\" > /dev/null\nif [ $? != 0 ] ; then\n    # print error to STDERR\n    echo \"error: The sandbox is not in sync with the Podfile.lock. Run 'pod install' or update your CocoaPods installation.\" >&2\n    exit 1\nfi\n# This output is used by Xcode 'outputs' to avoid re-running this script phase.\necho \"SUCCESS\" > \"${SCRIPT_OUTPUT_FILE_0}\"\n";
			showEnvVarsInLog = 0;
		};
		ADC9DDC32298B72B3CF5DC8E /* [CP] Copy Pods Resources */ = {
			isa = PBXShellScriptBuildPhase;
			buildActionMask = 2147483647;
			files = (
			);
			inputFileListPaths = (
				"${PODS_ROOT}/Target Support Files/Pods-kmpwappCommonPods-kmpwapp/Pods-kmpwappCommonPods-kmpwapp-resources-${CONFIGURATION}-input-files.xcfilelist",
			);
			name = "[CP] Copy Pods Resources";
			outputFileListPaths = (
				"${PODS_ROOT}/Target Support Files/Pods-kmpwappCommonPods-kmpwapp/Pods-kmpwappCommonPods-kmpwapp-resources-${CONFIGURATION}-output-files.xcfilelist",
			);
			runOnlyForDeploymentPostprocessing = 0;
			shellPath = /bin/sh;
			shellScript = "\"${PODS_ROOT}/Target Support Files/Pods-kmpwappCommonPods-kmpwapp/Pods-kmpwappCommonPods-kmpwapp-resources.sh\"\n";
			showEnvVarsInLog = 0;
		};
		C8AC78B0264D0F9F6F6D630E /* [CP] Embed Pods Frameworks */ = {
			isa = PBXShellScriptBuildPhase;
			buildActionMask = 2147483647;
			files = (
			);
			inputFileListPaths = (
				"${PODS_ROOT}/Target Support Files/Pods-kmpwappCommonPods-kmpwapp/Pods-kmpwappCommonPods-kmpwapp-frameworks-${CONFIGURATION}-input-files.xcfilelist",
			);
			name = "[CP] Embed Pods Frameworks";
			outputFileListPaths = (
				"${PODS_ROOT}/Target Support Files/Pods-kmpwappCommonPods-kmpwapp/Pods-kmpwappCommonPods-kmpwapp-frameworks-${CONFIGURATION}-output-files.xcfilelist",
			);
			runOnlyForDeploymentPostprocessing = 0;
			shellPath = /bin/sh;
			shellScript = "\"${PODS_ROOT}/Target Support Files/Pods-kmpwappCommonPods-kmpwapp/Pods-kmpwappCommonPods-kmpwapp-frameworks.sh\"\n";
			showEnvVarsInLog = 0;
		};
		FD10A7F022414F080027D42C /* Start Packager */ = {
			isa = PBXShellScriptBuildPhase;
			buildActionMask = 2147483647;
			files = (
			);
			inputFileListPaths = (
			);
			inputPaths = (
			);
			name = "Start Packager";
			outputFileListPaths = (
			);
			outputPaths = (
			);
			runOnlyForDeploymentPostprocessing = 0;
			shellPath = /bin/sh;
			shellScript = "export RCT_METRO_PORT=\"${RCT_METRO_PORT:=8081}\"\necho \"export RCT_METRO_PORT=${RCT_METRO_PORT}\" > \"${SRCROOT}/../node_modules/react-native/scripts/.packager.env\"\nif [ -z \"${RCT_NO_LAUNCH_PACKAGER+xxx}\" ] ; then\n  if nc -w 5 -z localhost ${RCT_METRO_PORT} ; then\n    if ! curl -s \"http://localhost:${RCT_METRO_PORT}/status\" | grep -q \"packager-status:running\" ; then\n      echo \"Port ${RCT_METRO_PORT} already in use, packager is either not running or not running correctly\"\n      exit 2\n    fi\n  else\n    open \"$SRCROOT/../node_modules/react-native/scripts/launchPackager.command\" || echo \"Can't start packager automatically\"\n  fi\nfi\n";
			showEnvVarsInLog = 0;
		};
/* End PBXShellScriptBuildPhase section */

/* Begin PBXSourcesBuildPhase section */
		00E356EA1AD99517003FC87E /* Sources */ = {
			isa = PBXSourcesBuildPhase;
			buildActionMask = 2147483647;
			files = (
				00E356F31AD99517003FC87E /* kmpwappTests.m in Sources */,
			);
			runOnlyForDeploymentPostprocessing = 0;
		};
		13B07F871A680F5B00A75B9A /* Sources */ = {
			isa = PBXSourcesBuildPhase;
			buildActionMask = 2147483647;
			files = (
				13B07FBC1A68108700A75B9A /* AppDelegate.m in Sources */,
				40F1ED4E288E2C1D000780B3 /* geolocation-dependency.swift in Sources */,
				13B07FC11A68108700A75B9A /* main.m in Sources */,
			);
			runOnlyForDeploymentPostprocessing = 0;
		};
		40F1ED2D288E266F000780B3 /* Sources */ = {
			isa = PBXSourcesBuildPhase;
			buildActionMask = 2147483647;
			files = (
				40F1ED2E288E266F000780B3 /* AppDelegate.m in Sources */,
				40F1ED4F288E2C1D000780B3 /* geolocation-dependency.swift in Sources */,
				40F1ED2F288E266F000780B3 /* main.m in Sources */,
			);
			runOnlyForDeploymentPostprocessing = 0;
		};
		40F1ED53288E2D48000780B3 /* Sources */ = {
			isa = PBXSourcesBuildPhase;
			buildActionMask = 2147483647;
			files = (
				40F1ED54288E2D48000780B3 /* AppDelegate.m in Sources */,
				40F1ED55288E2D48000780B3 /* geolocation-dependency.swift in Sources */,
				40F1ED56288E2D48000780B3 /* main.m in Sources */,
			);
			runOnlyForDeploymentPostprocessing = 0;
		};
/* End PBXSourcesBuildPhase section */

/* Begin PBXTargetDependency section */
		00E356F51AD99517003FC87E /* PBXTargetDependency */ = {
			isa = PBXTargetDependency;
			target = 13B07F861A680F5B00A75B9A /* kmpwapp */;
			targetProxy = 00E356F41AD99517003FC87E /* PBXContainerItemProxy */;
		};
/* End PBXTargetDependency section */

/* Begin XCBuildConfiguration section */
		00E356F61AD99517003FC87E /* Debug */ = {
			isa = XCBuildConfiguration;
			baseConfigurationReference = 0E80303EB3B039EAD1234546 /* Pods-kmpwappCommonPods-kmpwappTests.debug.xcconfig */;
			buildSettings = {
				ALWAYS_EMBED_SWIFT_STANDARD_LIBRARIES = YES;
				BUNDLE_LOADER = "$(TEST_HOST)";
				GCC_PREPROCESSOR_DEFINITIONS = (
					"DEBUG=1",
					"$(inherited)",
				);
				INFOPLIST_FILE = kmpwappTests/Info.plist;
				IPHONEOS_DEPLOYMENT_TARGET = 12.0;
				LD_RUNPATH_SEARCH_PATHS = (
					"$(inherited)",
					"@executable_path/Frameworks",
					"@loader_path/Frameworks",
				);
				OTHER_LDFLAGS = (
					"-ObjC",
					"-lc++",
					"$(inherited)",
				);
				PRODUCT_BUNDLE_IDENTIFIER = "org.reactjs.native.example.$(PRODUCT_NAME:rfc1034identifier)";
				PRODUCT_NAME = "$(TARGET_NAME)";
				TEST_HOST = "$(BUILT_PRODUCTS_DIR)/kmpwapp.app/kmpwapp";
			};
			name = Debug;
		};
		00E356F71AD99517003FC87E /* Release */ = {
			isa = XCBuildConfiguration;
			baseConfigurationReference = ABCB5369255265FC3304BD65 /* Pods-kmpwappCommonPods-kmpwappTests.release.xcconfig */;
			buildSettings = {
				ALWAYS_EMBED_SWIFT_STANDARD_LIBRARIES = YES;
				BUNDLE_LOADER = "$(TEST_HOST)";
				COPY_PHASE_STRIP = NO;
				INFOPLIST_FILE = kmpwappTests/Info.plist;
				IPHONEOS_DEPLOYMENT_TARGET = 12.0;
				LD_RUNPATH_SEARCH_PATHS = (
					"$(inherited)",
					"@executable_path/Frameworks",
					"@loader_path/Frameworks",
				);
				OTHER_LDFLAGS = (
					"-ObjC",
					"-lc++",
					"$(inherited)",
				);
				PRODUCT_BUNDLE_IDENTIFIER = "org.reactjs.native.example.$(PRODUCT_NAME:rfc1034identifier)";
				PRODUCT_NAME = "$(TARGET_NAME)";
				TEST_HOST = "$(BUILT_PRODUCTS_DIR)/kmpwapp.app/kmpwapp";
			};
			name = Release;
		};
		13B07F941A680F5B00A75B9A /* Debug */ = {
			isa = XCBuildConfiguration;
			baseConfigurationReference = 190E38604B1D4DC8A789BF95 /* Pods-kmpwappCommonPods-kmpwapp.debug.xcconfig */;
			buildSettings = {
				ASSETCATALOG_COMPILER_APPICON_NAME = AppIcon;
				CLANG_ENABLE_MODULES = YES;
				CURRENT_PROJECT_VERSION = 1;
				ENABLE_BITCODE = NO;
				INFOPLIST_FILE = kmpwapp/Info.plist;
				LD_RUNPATH_SEARCH_PATHS = (
					"$(inherited)",
					"@executable_path/Frameworks",
				);
				OTHER_LDFLAGS = (
					"$(inherited)",
					"-ObjC",
					"-lc++",
				);
				PRODUCT_BUNDLE_IDENTIFIER = "org.reactjs.native.example.$(PRODUCT_NAME:rfc1034identifier)";
				PRODUCT_NAME = kmpwapp;
				SWIFT_OBJC_BRIDGING_HEADER = "kmpwapp-Bridging-Header.h";
				SWIFT_OPTIMIZATION_LEVEL = "-Onone";
				SWIFT_VERSION = 5.0;
				VERSIONING_SYSTEM = "apple-generic";
			};
			name = Debug;
		};
		13B07F951A680F5B00A75B9A /* Release */ = {
			isa = XCBuildConfiguration;
			baseConfigurationReference = 646F874E20994DEBF2C30B75 /* Pods-kmpwappCommonPods-kmpwapp.release.xcconfig */;
			buildSettings = {
				ASSETCATALOG_COMPILER_APPICON_NAME = AppIcon;
				CLANG_ENABLE_MODULES = YES;
				CURRENT_PROJECT_VERSION = 1;
				INFOPLIST_FILE = kmpwapp/Info.plist;
				LD_RUNPATH_SEARCH_PATHS = (
					"$(inherited)",
					"@executable_path/Frameworks",
				);
				OTHER_LDFLAGS = (
					"$(inherited)",
					"-ObjC",
					"-lc++",
				);
				PRODUCT_BUNDLE_IDENTIFIER = "org.reactjs.native.example.$(PRODUCT_NAME:rfc1034identifier)";
				PRODUCT_NAME = kmpwapp;
				SWIFT_OBJC_BRIDGING_HEADER = "kmpwapp-Bridging-Header.h";
				SWIFT_VERSION = 5.0;
				VERSIONING_SYSTEM = "apple-generic";
			};
			name = Release;
		};
		40F1ED49288E266F000780B3 /* Debug */ = {
			isa = XCBuildConfiguration;
			baseConfigurationReference = DFAB469B0AA0856961942D9C /* Pods-kmpwappCommonPods-kmpwappDev.debug.xcconfig */;
			buildSettings = {
				ASSETCATALOG_COMPILER_APPICON_NAME = AppIcon;
				CLANG_ENABLE_MODULES = YES;
				CURRENT_PROJECT_VERSION = 1;
				ENABLE_BITCODE = NO;
				INFOPLIST_FILE = "kmpwappDev-Info.plist";
				LD_RUNPATH_SEARCH_PATHS = (
					"$(inherited)",
					"@executable_path/Frameworks",
				);
				OTHER_LDFLAGS = (
					"$(inherited)",
					"-ObjC",
					"-lc++",
				);
				PRODUCT_BUNDLE_IDENTIFIER = "org.reactjs.native.example.$(PRODUCT_NAME:rfc1034identifier)";
				PRODUCT_NAME = "$(TARGET_NAME)";
				SWIFT_OBJC_BRIDGING_HEADER = "kmpwapp-Bridging-Header.h";
				SWIFT_OPTIMIZATION_LEVEL = "-Onone";
				SWIFT_VERSION = 5.0;
				VERSIONING_SYSTEM = "apple-generic";
			};
			name = Debug;
		};
		40F1ED4A288E266F000780B3 /* Release */ = {
			isa = XCBuildConfiguration;
			baseConfigurationReference = 4F233C4CDA272B7DFD044C1C /* Pods-kmpwappCommonPods-kmpwappDev.release.xcconfig */;
			buildSettings = {
				ASSETCATALOG_COMPILER_APPICON_NAME = AppIcon;
				CLANG_ENABLE_MODULES = YES;
				CURRENT_PROJECT_VERSION = 1;
				INFOPLIST_FILE = "kmpwappDev-Info.plist";
				LD_RUNPATH_SEARCH_PATHS = (
					"$(inherited)",
					"@executable_path/Frameworks",
				);
				OTHER_LDFLAGS = (
					"$(inherited)",
					"-ObjC",
					"-lc++",
				);
				PRODUCT_BUNDLE_IDENTIFIER = "org.reactjs.native.example.$(PRODUCT_NAME:rfc1034identifier)";
				PRODUCT_NAME = "$(TARGET_NAME)";
				SWIFT_OBJC_BRIDGING_HEADER = "kmpwapp-Bridging-Header.h";
				SWIFT_VERSION = 5.0;
				VERSIONING_SYSTEM = "apple-generic";
			};
			name = Release;
		};
		40F1ED6E288E2D48000780B3 /* Debug */ = {
			isa = XCBuildConfiguration;
			baseConfigurationReference = ADC13EAE65EE4EA037B0F7D0 /* Pods-kmpwappCommonPods-kmpwappStg.debug.xcconfig */;
			buildSettings = {
				ASSETCATALOG_COMPILER_APPICON_NAME = AppIcon;
				CLANG_ENABLE_MODULES = YES;
				CURRENT_PROJECT_VERSION = 1;
				ENABLE_BITCODE = NO;
				INFOPLIST_FILE = "kmpwappStg-Info.plist";
				LD_RUNPATH_SEARCH_PATHS = (
					"$(inherited)",
					"@executable_path/Frameworks",
				);
				OTHER_LDFLAGS = (
					"$(inherited)",
					"-ObjC",
					"-lc++",
				);
				PRODUCT_BUNDLE_IDENTIFIER = "org.reactjs.native.example.$(PRODUCT_NAME:rfc1034identifier)";
				PRODUCT_NAME = "$(TARGET_NAME)";
				SWIFT_OBJC_BRIDGING_HEADER = "kmpwapp-Bridging-Header.h";
				SWIFT_OPTIMIZATION_LEVEL = "-Onone";
				SWIFT_VERSION = 5.0;
				VERSIONING_SYSTEM = "apple-generic";
			};
			name = Debug;
		};
		40F1ED6F288E2D48000780B3 /* Release */ = {
			isa = XCBuildConfiguration;
			baseConfigurationReference = BEBFCD6A6EACA73E0FA1F460 /* Pods-kmpwappCommonPods-kmpwappStg.release.xcconfig */;
			buildSettings = {
				ASSETCATALOG_COMPILER_APPICON_NAME = AppIcon;
				CLANG_ENABLE_MODULES = YES;
				CURRENT_PROJECT_VERSION = 1;
				INFOPLIST_FILE = "kmpwappStg-Info.plist";
				LD_RUNPATH_SEARCH_PATHS = (
					"$(inherited)",
					"@executable_path/Frameworks",
				);
				OTHER_LDFLAGS = (
					"$(inherited)",
					"-ObjC",
					"-lc++",
				);
				PRODUCT_BUNDLE_IDENTIFIER = "org.reactjs.native.example.$(PRODUCT_NAME:rfc1034identifier)";
				PRODUCT_NAME = "$(TARGET_NAME)";
				SWIFT_OBJC_BRIDGING_HEADER = "kmpwapp-Bridging-Header.h";
				SWIFT_VERSION = 5.0;
				VERSIONING_SYSTEM = "apple-generic";
			};
			name = Release;
		};
		83CBBA201A601CBA00E9B192 /* Debug */ = {
			isa = XCBuildConfiguration;
			buildSettings = {
				ALWAYS_SEARCH_USER_PATHS = NO;
				CLANG_ANALYZER_LOCALIZABILITY_NONLOCALIZED = YES;
				CLANG_CXX_LANGUAGE_STANDARD = "gnu++0x";
				CLANG_CXX_LIBRARY = "libc++";
				CLANG_ENABLE_MODULES = YES;
				CLANG_ENABLE_OBJC_ARC = YES;
				CLANG_WARN_BLOCK_CAPTURE_AUTORELEASING = YES;
				CLANG_WARN_BOOL_CONVERSION = YES;
				CLANG_WARN_COMMA = YES;
				CLANG_WARN_CONSTANT_CONVERSION = YES;
				CLANG_WARN_DEPRECATED_OBJC_IMPLEMENTATIONS = YES;
				CLANG_WARN_DIRECT_OBJC_ISA_USAGE = YES_ERROR;
				CLANG_WARN_EMPTY_BODY = YES;
				CLANG_WARN_ENUM_CONVERSION = YES;
				CLANG_WARN_INFINITE_RECURSION = YES;
				CLANG_WARN_INT_CONVERSION = YES;
				CLANG_WARN_NON_LITERAL_NULL_CONVERSION = YES;
				CLANG_WARN_OBJC_IMPLICIT_RETAIN_SELF = YES;
				CLANG_WARN_OBJC_LITERAL_CONVERSION = YES;
				CLANG_WARN_OBJC_ROOT_CLASS = YES_ERROR;
				CLANG_WARN_QUOTED_INCLUDE_IN_FRAMEWORK_HEADER = YES;
				CLANG_WARN_RANGE_LOOP_ANALYSIS = YES;
				CLANG_WARN_STRICT_PROTOTYPES = YES;
				CLANG_WARN_SUSPICIOUS_MOVE = YES;
				CLANG_WARN_UNREACHABLE_CODE = YES;
				CLANG_WARN__DUPLICATE_METHOD_MATCH = YES;
				"CODE_SIGN_IDENTITY[sdk=iphoneos*]" = "iPhone Developer";
				COPY_PHASE_STRIP = NO;
				ENABLE_STRICT_OBJC_MSGSEND = YES;
				ENABLE_TESTABILITY = YES;
				"EXCLUDED_ARCHS[sdk=iphonesimulator*]" = "";
				GCC_C_LANGUAGE_STANDARD = gnu99;
				GCC_DYNAMIC_NO_PIC = NO;
				GCC_NO_COMMON_BLOCKS = YES;
				GCC_OPTIMIZATION_LEVEL = 0;
				GCC_PREPROCESSOR_DEFINITIONS = (
					"DEBUG=1",
					"$(inherited)",
				);
				GCC_SYMBOLS_PRIVATE_EXTERN = NO;
				GCC_WARN_64_TO_32_BIT_CONVERSION = YES;
				GCC_WARN_ABOUT_RETURN_TYPE = YES_ERROR;
				GCC_WARN_UNDECLARED_SELECTOR = YES;
				GCC_WARN_UNINITIALIZED_AUTOS = YES_AGGRESSIVE;
				GCC_WARN_UNUSED_FUNCTION = YES;
				GCC_WARN_UNUSED_VARIABLE = YES;
				IPHONEOS_DEPLOYMENT_TARGET = 12.0;
				LD_RUNPATH_SEARCH_PATHS = (
					/usr/lib/swift,
					"$(inherited)",
				);
				LIBRARY_SEARCH_PATHS = (
					"\"$(SDKROOT)/usr/lib/swift\"",
					"\"$(TOOLCHAIN_DIR)/usr/lib/swift/$(PLATFORM_NAME)\"",
					"\"$(inherited)\"",
				);
				MTL_ENABLE_DEBUG_INFO = YES;
				ONLY_ACTIVE_ARCH = YES;
				SDKROOT = iphoneos;
			};
			name = Debug;
		};
		83CBBA211A601CBA00E9B192 /* Release */ = {
			isa = XCBuildConfiguration;
			buildSettings = {
				ALWAYS_SEARCH_USER_PATHS = NO;
				CLANG_ANALYZER_LOCALIZABILITY_NONLOCALIZED = YES;
				CLANG_CXX_LANGUAGE_STANDARD = "gnu++0x";
				CLANG_CXX_LIBRARY = "libc++";
				CLANG_ENABLE_MODULES = YES;
				CLANG_ENABLE_OBJC_ARC = YES;
				CLANG_WARN_BLOCK_CAPTURE_AUTORELEASING = YES;
				CLANG_WARN_BOOL_CONVERSION = YES;
				CLANG_WARN_COMMA = YES;
				CLANG_WARN_CONSTANT_CONVERSION = YES;
				CLANG_WARN_DEPRECATED_OBJC_IMPLEMENTATIONS = YES;
				CLANG_WARN_DIRECT_OBJC_ISA_USAGE = YES_ERROR;
				CLANG_WARN_EMPTY_BODY = YES;
				CLANG_WARN_ENUM_CONVERSION = YES;
				CLANG_WARN_INFINITE_RECURSION = YES;
				CLANG_WARN_INT_CONVERSION = YES;
				CLANG_WARN_NON_LITERAL_NULL_CONVERSION = YES;
				CLANG_WARN_OBJC_IMPLICIT_RETAIN_SELF = YES;
				CLANG_WARN_OBJC_LITERAL_CONVERSION = YES;
				CLANG_WARN_OBJC_ROOT_CLASS = YES_ERROR;
				CLANG_WARN_QUOTED_INCLUDE_IN_FRAMEWORK_HEADER = YES;
				CLANG_WARN_RANGE_LOOP_ANALYSIS = YES;
				CLANG_WARN_STRICT_PROTOTYPES = YES;
				CLANG_WARN_SUSPICIOUS_MOVE = YES;
				CLANG_WARN_UNREACHABLE_CODE = YES;
				CLANG_WARN__DUPLICATE_METHOD_MATCH = YES;
				"CODE_SIGN_IDENTITY[sdk=iphoneos*]" = "iPhone Developer";
				COPY_PHASE_STRIP = YES;
				ENABLE_NS_ASSERTIONS = NO;
				ENABLE_STRICT_OBJC_MSGSEND = YES;
				"EXCLUDED_ARCHS[sdk=iphonesimulator*]" = "";
				GCC_C_LANGUAGE_STANDARD = gnu99;
				GCC_NO_COMMON_BLOCKS = YES;
				GCC_WARN_64_TO_32_BIT_CONVERSION = YES;
				GCC_WARN_ABOUT_RETURN_TYPE = YES_ERROR;
				GCC_WARN_UNDECLARED_SELECTOR = YES;
				GCC_WARN_UNINITIALIZED_AUTOS = YES_AGGRESSIVE;
				GCC_WARN_UNUSED_FUNCTION = YES;
				GCC_WARN_UNUSED_VARIABLE = YES;
				IPHONEOS_DEPLOYMENT_TARGET = 12.0;
				LD_RUNPATH_SEARCH_PATHS = (
					/usr/lib/swift,
					"$(inherited)",
				);
				LIBRARY_SEARCH_PATHS = (
					"\"$(SDKROOT)/usr/lib/swift\"",
					"\"$(TOOLCHAIN_DIR)/usr/lib/swift/$(PLATFORM_NAME)\"",
					"\"$(inherited)\"",
				);
				MTL_ENABLE_DEBUG_INFO = NO;
				SDKROOT = iphoneos;
				VALIDATE_PRODUCT = YES;
			};
			name = Release;
		};
/* End XCBuildConfiguration section */

/* Begin XCConfigurationList section */
		00E357021AD99517003FC87E /* Build configuration list for PBXNativeTarget "kmpwappTests" */ = {
			isa = XCConfigurationList;
			buildConfigurations = (
				00E356F61AD99517003FC87E /* Debug */,
				00E356F71AD99517003FC87E /* Release */,
			);
			defaultConfigurationIsVisible = 0;
			defaultConfigurationName = Release;
		};
		13B07F931A680F5B00A75B9A /* Build configuration list for PBXNativeTarget "kmpwapp" */ = {
			isa = XCConfigurationList;
			buildConfigurations = (
				13B07F941A680F5B00A75B9A /* Debug */,
				13B07F951A680F5B00A75B9A /* Release */,
			);
			defaultConfigurationIsVisible = 0;
			defaultConfigurationName = Release;
		};
		40F1ED48288E266F000780B3 /* Build configuration list for PBXNativeTarget "kmpwappDev" */ = {
			isa = XCConfigurationList;
			buildConfigurations = (
				40F1ED49288E266F000780B3 /* Debug */,
				40F1ED4A288E266F000780B3 /* Release */,
			);
			defaultConfigurationIsVisible = 0;
			defaultConfigurationName = Release;
		};
		40F1ED6D288E2D48000780B3 /* Build configuration list for PBXNativeTarget "kmpwappStg" */ = {
			isa = XCConfigurationList;
			buildConfigurations = (
				40F1ED6E288E2D48000780B3 /* Debug */,
				40F1ED6F288E2D48000780B3 /* Release */,
			);
			defaultConfigurationIsVisible = 0;
			defaultConfigurationName = Release;
		};
		83CBB9FA1A601CBA00E9B192 /* Build configuration list for PBXProject "kmpwapp" */ = {
			isa = XCConfigurationList;
			buildConfigurations = (
				83CBBA201A601CBA00E9B192 /* Debug */,
				83CBBA211A601CBA00E9B192 /* Release */,
			);
			defaultConfigurationIsVisible = 0;
			defaultConfigurationName = Release;
		};
/* End XCConfigurationList section */
	};
	rootObject = 83CBB9F71A601CBA00E9B192 /* Project object */;
}
